// !$*UTF8*$!
{
	archiveVersion = 1;
	classes = {
	};
	objectVersion = 51;
	objects = {

/* Begin PBXBuildFile section */
		D23741DE442F2B7E51AD2A04 /* Pods_KarrosTech.framework in Frameworks */ = {isa = PBXBuildFile; fileRef = 89CBD9BBA17FF2F27C23516C /* Pods_KarrosTech.framework */; };
		FD0D061F25FB9EFE00A31015 /* AppDelegate.swift in Sources */ = {isa = PBXBuildFile; fileRef = FD0D061E25FB9EFE00A31015 /* AppDelegate.swift */; };
		FD0D062125FB9EFE00A31015 /* SceneDelegate.swift in Sources */ = {isa = PBXBuildFile; fileRef = FD0D062025FB9EFE00A31015 /* SceneDelegate.swift */; };
		FD0D062325FB9EFE00A31015 /* HomeViewController.swift in Sources */ = {isa = PBXBuildFile; fileRef = FD0D062225FB9EFE00A31015 /* HomeViewController.swift */; };
		FD0D062625FB9EFE00A31015 /* Main.storyboard in Resources */ = {isa = PBXBuildFile; fileRef = FD0D062425FB9EFE00A31015 /* Main.storyboard */; };
		FD0D062825FB9F0100A31015 /* Assets.xcassets in Resources */ = {isa = PBXBuildFile; fileRef = FD0D062725FB9F0100A31015 /* Assets.xcassets */; };
		FD0D062B25FB9F0100A31015 /* LaunchScreen.storyboard in Resources */ = {isa = PBXBuildFile; fileRef = FD0D062925FB9F0100A31015 /* LaunchScreen.storyboard */; };
		FD0D063525FB9F5700A31015 /* DetailViewController.swift in Sources */ = {isa = PBXBuildFile; fileRef = FD0D063425FB9F5700A31015 /* DetailViewController.swift */; };
		FD0D064625FBA34A00A31015 /* HeaderSectionViewable.swift in Sources */ = {isa = PBXBuildFile; fileRef = FD0D064525FBA34A00A31015 /* HeaderSectionViewable.swift */; };
		FD0D064E25FBA5DB00A31015 /* HotViewItem.swift in Sources */ = {isa = PBXBuildFile; fileRef = FD0D064D25FBA5DB00A31015 /* HotViewItem.swift */; };
		FD0D065125FBA5E700A31015 /* HotViewItem.xib in Resources */ = {isa = PBXBuildFile; fileRef = FD0D065025FBA5E700A31015 /* HotViewItem.xib */; };
		FD0D065425FBA60D00A31015 /* CategoryViewItem.swift in Sources */ = {isa = PBXBuildFile; fileRef = FD0D065325FBA60D00A31015 /* CategoryViewItem.swift */; };
		FD0D065725FBA61A00A31015 /* CategoryViewItem.xib in Resources */ = {isa = PBXBuildFile; fileRef = FD0D065625FBA61A00A31015 /* CategoryViewItem.xib */; };
		FD0D065A25FBA64800A31015 /* MovieViewItem.swift in Sources */ = {isa = PBXBuildFile; fileRef = FD0D065925FBA64800A31015 /* MovieViewItem.swift */; };
		FD0D065D25FBA65600A31015 /* MovieViewItem.xib in Resources */ = {isa = PBXBuildFile; fileRef = FD0D065C25FBA65600A31015 /* MovieViewItem.xib */; };
		FD0D066C25FBAC9D00A31015 /* RecommendationViewItem.swift in Sources */ = {isa = PBXBuildFile; fileRef = FD0D066B25FBAC9D00A31015 /* RecommendationViewItem.swift */; };
		FD0D066F25FBACA900A31015 /* RecommendationViewItem.xib in Resources */ = {isa = PBXBuildFile; fileRef = FD0D066E25FBACA900A31015 /* RecommendationViewItem.xib */; };
		FD0D067225FBACC800A31015 /* CommentViewItem.swift in Sources */ = {isa = PBXBuildFile; fileRef = FD0D067125FBACC800A31015 /* CommentViewItem.swift */; };
		FD0D067525FBACD200A31015 /* CommentViewItem.xib in Resources */ = {isa = PBXBuildFile; fileRef = FD0D067425FBACD200A31015 /* CommentViewItem.xib */; };
		FD0D067825FBACEE00A31015 /* VideoViewItem.swift in Sources */ = {isa = PBXBuildFile; fileRef = FD0D067725FBACEE00A31015 /* VideoViewItem.swift */; };
		FD0D067C25FBACFA00A31015 /* VideoViewItem.xib in Resources */ = {isa = PBXBuildFile; fileRef = FD0D067B25FBACFA00A31015 /* VideoViewItem.xib */; };
		FD0D067F25FBAD1300A31015 /* SeriesViewItem.swift in Sources */ = {isa = PBXBuildFile; fileRef = FD0D067E25FBAD1300A31015 /* SeriesViewItem.swift */; };
		FD0D068225FBAD1F00A31015 /* SeriesViewItem.xib in Resources */ = {isa = PBXBuildFile; fileRef = FD0D068125FBAD1F00A31015 /* SeriesViewItem.xib */; };
		FD0D068525FBAD5300A31015 /* RateView.swift in Sources */ = {isa = PBXBuildFile; fileRef = FD0D068425FBAD5300A31015 /* RateView.swift */; };
		FD0D068825FBAD5F00A31015 /* RateView.xib in Resources */ = {isa = PBXBuildFile; fileRef = FD0D068725FBAD5F00A31015 /* RateView.xib */; };
		FD0D068B25FBAD7300A31015 /* InfoView.swift in Sources */ = {isa = PBXBuildFile; fileRef = FD0D068A25FBAD7300A31015 /* InfoView.swift */; };
		FD0D068E25FBAD7F00A31015 /* InfoView.xib in Resources */ = {isa = PBXBuildFile; fileRef = FD0D068D25FBAD7F00A31015 /* InfoView.xib */; };
		FD0D069125FBAE3D00A31015 /* HeaderView.swift in Sources */ = {isa = PBXBuildFile; fileRef = FD0D069025FBAE3D00A31015 /* HeaderView.swift */; };
		FD0D069425FBAE4800A31015 /* HeaderView.xib in Resources */ = {isa = PBXBuildFile; fileRef = FD0D069325FBAE4800A31015 /* HeaderView.xib */; };
		FD52767325FDE1E400839EB9 /* TheMovieDbRepository.swift in Sources */ = {isa = PBXBuildFile; fileRef = FD52767225FDE1E400839EB9 /* TheMovieDbRepository.swift */; };
		FD52767625FDE4A800839EB9 /* SpokenLanguageModel.swift in Sources */ = {isa = PBXBuildFile; fileRef = FD52767525FDE4A800839EB9 /* SpokenLanguageModel.swift */; };
		FD52767925FDE4CC00839EB9 /* ProductionCountryModel.swift in Sources */ = {isa = PBXBuildFile; fileRef = FD52767825FDE4CC00839EB9 /* ProductionCountryModel.swift */; };
		FD52767C25FDE4E600839EB9 /* ProductionCompanyModel.swift in Sources */ = {isa = PBXBuildFile; fileRef = FD52767B25FDE4E600839EB9 /* ProductionCompanyModel.swift */; };
		FD52768025FDE63800839EB9 /* BelongsToCollectionModel.swift in Sources */ = {isa = PBXBuildFile; fileRef = FD52767F25FDE63800839EB9 /* BelongsToCollectionModel.swift */; };
		FD52768625FDE6E700839EB9 /* MovieDetailsModel.swift in Sources */ = {isa = PBXBuildFile; fileRef = FD52768525FDE6E700839EB9 /* MovieDetailsModel.swift */; };
		FD52768925FE748B00839EB9 /* AuthorDetailsModel.swift in Sources */ = {isa = PBXBuildFile; fileRef = FD52768825FE748A00839EB9 /* AuthorDetailsModel.swift */; };
		FD52768C25FE74AB00839EB9 /* ResultModel.swift in Sources */ = {isa = PBXBuildFile; fileRef = FD52768B25FE74AB00839EB9 /* ResultModel.swift */; };
		FD52769025FEFBD700839EB9 /* VideoModel.swift in Sources */ = {isa = PBXBuildFile; fileRef = FD52768F25FEFBD700839EB9 /* VideoModel.swift */; };
		FD5276D525FF773600839EB9 /* HomeSectionData.swift in Sources */ = {isa = PBXBuildFile; fileRef = FD5276D425FF773600839EB9 /* HomeSectionData.swift */; };
		FD97BB6925FCCB6700D37E00 /* NetworkError.swift in Sources */ = {isa = PBXBuildFile; fileRef = FD97BB6825FCCB6700D37E00 /* NetworkError.swift */; };
		FD97BB6C25FCCBDF00D37E00 /* TheMovieDbLocal.swift in Sources */ = {isa = PBXBuildFile; fileRef = FD97BB6B25FCCBDF00D37E00 /* TheMovieDbLocal.swift */; };
		FD97BB6F25FCCC2800D37E00 /* TheMovieDbRemote.swift in Sources */ = {isa = PBXBuildFile; fileRef = FD97BB6E25FCCC2800D37E00 /* TheMovieDbRemote.swift */; };
		FD97BB7425FD265E00D37E00 /* TheMovieDbPresistance.swift in Sources */ = {isa = PBXBuildFile; fileRef = FD97BB7325FD265E00D37E00 /* TheMovieDbPresistance.swift */; };
		FDF12C3125FC60F800136287 /* DetailViewModel.swift in Sources */ = {isa = PBXBuildFile; fileRef = FDF12C3025FC60F800136287 /* DetailViewModel.swift */; };
		FDF12C3425FC610500136287 /* HomeViewModel.swift in Sources */ = {isa = PBXBuildFile; fileRef = FDF12C3325FC610500136287 /* HomeViewModel.swift */; };
		FDF12C3C25FC836E00136287 /* RateStarViewable.swift in Sources */ = {isa = PBXBuildFile; fileRef = FDF12C3B25FC836E00136287 /* RateStarViewable.swift */; };
		FDF12C3F25FC838D00136287 /* RateStarView.swift in Sources */ = {isa = PBXBuildFile; fileRef = FDF12C3E25FC838D00136287 /* RateStarView.swift */; };
		FDF12C4225FC83A300136287 /* RateStarView.xib in Resources */ = {isa = PBXBuildFile; fileRef = FDF12C4125FC83A300136287 /* RateStarView.xib */; };
		FDF12C4625FC878E00136287 /* RateStarStack.swift in Sources */ = {isa = PBXBuildFile; fileRef = FDF12C4525FC878E00136287 /* RateStarStack.swift */; };
		FDF12C4A25FC879F00136287 /* RateStarStack.xib in Resources */ = {isa = PBXBuildFile; fileRef = FDF12C4925FC879F00136287 /* RateStarStack.xib */; };
		FDF12C4E25FC8CFF00136287 /* HeaderSectionView.swift in Sources */ = {isa = PBXBuildFile; fileRef = FDF12C4D25FC8CFF00136287 /* HeaderSectionView.swift */; };
		FDF12C5125FC8D0F00136287 /* HeaderSectionView.xib in Resources */ = {isa = PBXBuildFile; fileRef = FDF12C5025FC8D0F00136287 /* HeaderSectionView.xib */; };
		FDF12C5425FCA31300136287 /* TheMovieDbService.swift in Sources */ = {isa = PBXBuildFile; fileRef = FDF12C5325FCA31300136287 /* TheMovieDbService.swift */; };
		FDF12C7225FCA92600136287 /* Results.swift in Sources */ = {isa = PBXBuildFile; fileRef = FDF12C7125FCA92600136287 /* Results.swift */; };
		FDF12C7625FCA95000136287 /* PopularModel.swift in Sources */ = {isa = PBXBuildFile; fileRef = FDF12C7525FCA95000136287 /* PopularModel.swift */; };
		FDF12C8325FCAD2300136287 /* DatesModel.swift in Sources */ = {isa = PBXBuildFile; fileRef = FDF12C8225FCAD2300136287 /* DatesModel.swift */; };
		FDF12C8625FCAD4600136287 /* OriginalLanguageModel.swift in Sources */ = {isa = PBXBuildFile; fileRef = FDF12C8525FCAD4600136287 /* OriginalLanguageModel.swift */; };
		FDF12C8925FCAD8500136287 /* UpcomingModel.swift in Sources */ = {isa = PBXBuildFile; fileRef = FDF12C8825FCAD8500136287 /* UpcomingModel.swift */; };
		FDF12C8C25FCAF5700136287 /* TopRatedModel.swift in Sources */ = {isa = PBXBuildFile; fileRef = FDF12C8B25FCAF5700136287 /* TopRatedModel.swift */; };
		FDF12C9025FCB59600136287 /* RecommendationModel.swift in Sources */ = {isa = PBXBuildFile; fileRef = FDF12C8F25FCB59600136287 /* RecommendationModel.swift */; };
		FDF12C9325FCB5EF00136287 /* Genres.swift in Sources */ = {isa = PBXBuildFile; fileRef = FDF12C9225FCB5EF00136287 /* Genres.swift */; };
		FDF12C9625FCB63D00136287 /* GenreModel.swift in Sources */ = {isa = PBXBuildFile; fileRef = FDF12C9525FCB63D00136287 /* GenreModel.swift */; };
/* End PBXBuildFile section */

/* Begin PBXFileReference section */
		4F348519EB77D5F1CE552EA3 /* Pods-KarrosTech.release.xcconfig */ = {isa = PBXFileReference; includeInIndex = 1; lastKnownFileType = text.xcconfig; name = "Pods-KarrosTech.release.xcconfig"; path = "Target Support Files/Pods-KarrosTech/Pods-KarrosTech.release.xcconfig"; sourceTree = "<group>"; };
		89CBD9BBA17FF2F27C23516C /* Pods_KarrosTech.framework */ = {isa = PBXFileReference; explicitFileType = wrapper.framework; includeInIndex = 0; path = Pods_KarrosTech.framework; sourceTree = BUILT_PRODUCTS_DIR; };
		DA866CA104B1A4BE56F91886 /* Pods-KarrosTech.debug.xcconfig */ = {isa = PBXFileReference; includeInIndex = 1; lastKnownFileType = text.xcconfig; name = "Pods-KarrosTech.debug.xcconfig"; path = "Target Support Files/Pods-KarrosTech/Pods-KarrosTech.debug.xcconfig"; sourceTree = "<group>"; };
		FD0D061B25FB9EFE00A31015 /* KarrosTech.app */ = {isa = PBXFileReference; explicitFileType = wrapper.application; includeInIndex = 0; path = KarrosTech.app; sourceTree = BUILT_PRODUCTS_DIR; };
		FD0D061E25FB9EFE00A31015 /* AppDelegate.swift */ = {isa = PBXFileReference; lastKnownFileType = sourcecode.swift; path = AppDelegate.swift; sourceTree = "<group>"; };
		FD0D062025FB9EFE00A31015 /* SceneDelegate.swift */ = {isa = PBXFileReference; lastKnownFileType = sourcecode.swift; path = SceneDelegate.swift; sourceTree = "<group>"; };
		FD0D062225FB9EFE00A31015 /* HomeViewController.swift */ = {isa = PBXFileReference; lastKnownFileType = sourcecode.swift; path = HomeViewController.swift; sourceTree = "<group>"; };
		FD0D062525FB9EFE00A31015 /* Base */ = {isa = PBXFileReference; lastKnownFileType = file.storyboard; name = Base; path = Base.lproj/Main.storyboard; sourceTree = "<group>"; };
		FD0D062725FB9F0100A31015 /* Assets.xcassets */ = {isa = PBXFileReference; lastKnownFileType = folder.assetcatalog; path = Assets.xcassets; sourceTree = "<group>"; };
		FD0D062A25FB9F0100A31015 /* Base */ = {isa = PBXFileReference; lastKnownFileType = file.storyboard; name = Base; path = Base.lproj/LaunchScreen.storyboard; sourceTree = "<group>"; };
		FD0D062C25FB9F0100A31015 /* Info.plist */ = {isa = PBXFileReference; lastKnownFileType = text.plist.xml; path = Info.plist; sourceTree = "<group>"; };
		FD0D063425FB9F5700A31015 /* DetailViewController.swift */ = {isa = PBXFileReference; lastKnownFileType = sourcecode.swift; path = DetailViewController.swift; sourceTree = "<group>"; };
		FD0D064525FBA34A00A31015 /* HeaderSectionViewable.swift */ = {isa = PBXFileReference; lastKnownFileType = sourcecode.swift; path = HeaderSectionViewable.swift; sourceTree = "<group>"; };
		FD0D064D25FBA5DB00A31015 /* HotViewItem.swift */ = {isa = PBXFileReference; lastKnownFileType = sourcecode.swift; path = HotViewItem.swift; sourceTree = "<group>"; };
		FD0D065025FBA5E700A31015 /* HotViewItem.xib */ = {isa = PBXFileReference; lastKnownFileType = file.xib; path = HotViewItem.xib; sourceTree = "<group>"; };
		FD0D065325FBA60D00A31015 /* CategoryViewItem.swift */ = {isa = PBXFileReference; lastKnownFileType = sourcecode.swift; path = CategoryViewItem.swift; sourceTree = "<group>"; };
		FD0D065625FBA61A00A31015 /* CategoryViewItem.xib */ = {isa = PBXFileReference; lastKnownFileType = file.xib; path = CategoryViewItem.xib; sourceTree = "<group>"; };
		FD0D065925FBA64800A31015 /* MovieViewItem.swift */ = {isa = PBXFileReference; lastKnownFileType = sourcecode.swift; path = MovieViewItem.swift; sourceTree = "<group>"; };
		FD0D065C25FBA65600A31015 /* MovieViewItem.xib */ = {isa = PBXFileReference; lastKnownFileType = file.xib; path = MovieViewItem.xib; sourceTree = "<group>"; };
		FD0D066B25FBAC9D00A31015 /* RecommendationViewItem.swift */ = {isa = PBXFileReference; lastKnownFileType = sourcecode.swift; path = RecommendationViewItem.swift; sourceTree = "<group>"; };
		FD0D066E25FBACA900A31015 /* RecommendationViewItem.xib */ = {isa = PBXFileReference; lastKnownFileType = file.xib; path = RecommendationViewItem.xib; sourceTree = "<group>"; };
		FD0D067125FBACC800A31015 /* CommentViewItem.swift */ = {isa = PBXFileReference; lastKnownFileType = sourcecode.swift; path = CommentViewItem.swift; sourceTree = "<group>"; };
		FD0D067425FBACD200A31015 /* CommentViewItem.xib */ = {isa = PBXFileReference; lastKnownFileType = file.xib; path = CommentViewItem.xib; sourceTree = "<group>"; };
		FD0D067725FBACEE00A31015 /* VideoViewItem.swift */ = {isa = PBXFileReference; lastKnownFileType = sourcecode.swift; path = VideoViewItem.swift; sourceTree = "<group>"; };
		FD0D067B25FBACFA00A31015 /* VideoViewItem.xib */ = {isa = PBXFileReference; lastKnownFileType = file.xib; path = VideoViewItem.xib; sourceTree = "<group>"; };
		FD0D067E25FBAD1300A31015 /* SeriesViewItem.swift */ = {isa = PBXFileReference; lastKnownFileType = sourcecode.swift; path = SeriesViewItem.swift; sourceTree = "<group>"; };
		FD0D068125FBAD1F00A31015 /* SeriesViewItem.xib */ = {isa = PBXFileReference; lastKnownFileType = file.xib; path = SeriesViewItem.xib; sourceTree = "<group>"; };
		FD0D068425FBAD5300A31015 /* RateView.swift */ = {isa = PBXFileReference; lastKnownFileType = sourcecode.swift; path = RateView.swift; sourceTree = "<group>"; };
		FD0D068725FBAD5F00A31015 /* RateView.xib */ = {isa = PBXFileReference; lastKnownFileType = file.xib; path = RateView.xib; sourceTree = "<group>"; };
		FD0D068A25FBAD7300A31015 /* InfoView.swift */ = {isa = PBXFileReference; lastKnownFileType = sourcecode.swift; path = InfoView.swift; sourceTree = "<group>"; };
		FD0D068D25FBAD7F00A31015 /* InfoView.xib */ = {isa = PBXFileReference; lastKnownFileType = file.xib; path = InfoView.xib; sourceTree = "<group>"; };
		FD0D069025FBAE3D00A31015 /* HeaderView.swift */ = {isa = PBXFileReference; lastKnownFileType = sourcecode.swift; path = HeaderView.swift; sourceTree = "<group>"; };
		FD0D069325FBAE4800A31015 /* HeaderView.xib */ = {isa = PBXFileReference; lastKnownFileType = file.xib; path = HeaderView.xib; sourceTree = "<group>"; };
		FD52767225FDE1E400839EB9 /* TheMovieDbRepository.swift */ = {isa = PBXFileReference; lastKnownFileType = sourcecode.swift; path = TheMovieDbRepository.swift; sourceTree = "<group>"; };
		FD52767525FDE4A800839EB9 /* SpokenLanguageModel.swift */ = {isa = PBXFileReference; lastKnownFileType = sourcecode.swift; path = SpokenLanguageModel.swift; sourceTree = "<group>"; };
		FD52767825FDE4CC00839EB9 /* ProductionCountryModel.swift */ = {isa = PBXFileReference; lastKnownFileType = sourcecode.swift; path = ProductionCountryModel.swift; sourceTree = "<group>"; };
		FD52767B25FDE4E600839EB9 /* ProductionCompanyModel.swift */ = {isa = PBXFileReference; lastKnownFileType = sourcecode.swift; path = ProductionCompanyModel.swift; sourceTree = "<group>"; };
		FD52767F25FDE63800839EB9 /* BelongsToCollectionModel.swift */ = {isa = PBXFileReference; lastKnownFileType = sourcecode.swift; path = BelongsToCollectionModel.swift; sourceTree = "<group>"; };
		FD52768525FDE6E700839EB9 /* MovieDetailsModel.swift */ = {isa = PBXFileReference; lastKnownFileType = sourcecode.swift; path = MovieDetailsModel.swift; sourceTree = "<group>"; };
		FD52768825FE748A00839EB9 /* AuthorDetailsModel.swift */ = {isa = PBXFileReference; lastKnownFileType = sourcecode.swift; path = AuthorDetailsModel.swift; sourceTree = "<group>"; };
		FD52768B25FE74AB00839EB9 /* ResultModel.swift */ = {isa = PBXFileReference; lastKnownFileType = sourcecode.swift; path = ResultModel.swift; sourceTree = "<group>"; };
		FD52768F25FEFBD700839EB9 /* VideoModel.swift */ = {isa = PBXFileReference; lastKnownFileType = sourcecode.swift; path = VideoModel.swift; sourceTree = "<group>"; };
		FD5276D425FF773600839EB9 /* HomeSectionData.swift */ = {isa = PBXFileReference; lastKnownFileType = sourcecode.swift; path = HomeSectionData.swift; sourceTree = "<group>"; };
		FD97BB6825FCCB6700D37E00 /* NetworkError.swift */ = {isa = PBXFileReference; lastKnownFileType = sourcecode.swift; path = NetworkError.swift; sourceTree = "<group>"; };
		FD97BB6B25FCCBDF00D37E00 /* TheMovieDbLocal.swift */ = {isa = PBXFileReference; lastKnownFileType = sourcecode.swift; path = TheMovieDbLocal.swift; sourceTree = "<group>"; };
		FD97BB6E25FCCC2800D37E00 /* TheMovieDbRemote.swift */ = {isa = PBXFileReference; lastKnownFileType = sourcecode.swift; path = TheMovieDbRemote.swift; sourceTree = "<group>"; };
		FD97BB7325FD265E00D37E00 /* TheMovieDbPresistance.swift */ = {isa = PBXFileReference; lastKnownFileType = sourcecode.swift; path = TheMovieDbPresistance.swift; sourceTree = "<group>"; };
		FDF12C3025FC60F800136287 /* DetailViewModel.swift */ = {isa = PBXFileReference; lastKnownFileType = sourcecode.swift; path = DetailViewModel.swift; sourceTree = "<group>"; };
		FDF12C3325FC610500136287 /* HomeViewModel.swift */ = {isa = PBXFileReference; lastKnownFileType = sourcecode.swift; path = HomeViewModel.swift; sourceTree = "<group>"; };
		FDF12C3B25FC836E00136287 /* RateStarViewable.swift */ = {isa = PBXFileReference; lastKnownFileType = sourcecode.swift; path = RateStarViewable.swift; sourceTree = "<group>"; };
		FDF12C3E25FC838D00136287 /* RateStarView.swift */ = {isa = PBXFileReference; lastKnownFileType = sourcecode.swift; path = RateStarView.swift; sourceTree = "<group>"; };
		FDF12C4125FC83A300136287 /* RateStarView.xib */ = {isa = PBXFileReference; lastKnownFileType = file.xib; path = RateStarView.xib; sourceTree = "<group>"; };
		FDF12C4525FC878E00136287 /* RateStarStack.swift */ = {isa = PBXFileReference; lastKnownFileType = sourcecode.swift; path = RateStarStack.swift; sourceTree = "<group>"; };
		FDF12C4925FC879F00136287 /* RateStarStack.xib */ = {isa = PBXFileReference; lastKnownFileType = file.xib; path = RateStarStack.xib; sourceTree = "<group>"; };
		FDF12C4D25FC8CFF00136287 /* HeaderSectionView.swift */ = {isa = PBXFileReference; lastKnownFileType = sourcecode.swift; path = HeaderSectionView.swift; sourceTree = "<group>"; };
		FDF12C5025FC8D0F00136287 /* HeaderSectionView.xib */ = {isa = PBXFileReference; lastKnownFileType = file.xib; path = HeaderSectionView.xib; sourceTree = "<group>"; };
		FDF12C5325FCA31300136287 /* TheMovieDbService.swift */ = {isa = PBXFileReference; lastKnownFileType = sourcecode.swift; path = TheMovieDbService.swift; sourceTree = "<group>"; };
		FDF12C7125FCA92600136287 /* Results.swift */ = {isa = PBXFileReference; lastKnownFileType = sourcecode.swift; path = Results.swift; sourceTree = "<group>"; };
		FDF12C7525FCA95000136287 /* PopularModel.swift */ = {isa = PBXFileReference; lastKnownFileType = sourcecode.swift; path = PopularModel.swift; sourceTree = "<group>"; };
		FDF12C8225FCAD2300136287 /* DatesModel.swift */ = {isa = PBXFileReference; lastKnownFileType = sourcecode.swift; path = DatesModel.swift; sourceTree = "<group>"; };
		FDF12C8525FCAD4600136287 /* OriginalLanguageModel.swift */ = {isa = PBXFileReference; lastKnownFileType = sourcecode.swift; path = OriginalLanguageModel.swift; sourceTree = "<group>"; };
		FDF12C8825FCAD8500136287 /* UpcomingModel.swift */ = {isa = PBXFileReference; lastKnownFileType = sourcecode.swift; path = UpcomingModel.swift; sourceTree = "<group>"; };
		FDF12C8B25FCAF5700136287 /* TopRatedModel.swift */ = {isa = PBXFileReference; lastKnownFileType = sourcecode.swift; path = TopRatedModel.swift; sourceTree = "<group>"; };
		FDF12C8F25FCB59600136287 /* RecommendationModel.swift */ = {isa = PBXFileReference; lastKnownFileType = sourcecode.swift; path = RecommendationModel.swift; sourceTree = "<group>"; };
		FDF12C9225FCB5EF00136287 /* Genres.swift */ = {isa = PBXFileReference; lastKnownFileType = sourcecode.swift; path = Genres.swift; sourceTree = "<group>"; };
		FDF12C9525FCB63D00136287 /* GenreModel.swift */ = {isa = PBXFileReference; lastKnownFileType = sourcecode.swift; path = GenreModel.swift; sourceTree = "<group>"; };
/* End PBXFileReference section */

/* Begin PBXFrameworksBuildPhase section */
		FD0D061825FB9EFE00A31015 /* Frameworks */ = {
			isa = PBXFrameworksBuildPhase;
			buildActionMask = 2147483647;
			files = (
				D23741DE442F2B7E51AD2A04 /* Pods_KarrosTech.framework in Frameworks */,
			);
			runOnlyForDeploymentPostprocessing = 0;
		};
/* End PBXFrameworksBuildPhase section */

/* Begin PBXGroup section */
		292D245689FCF6C04FE04C78 /* Pods */ = {
			isa = PBXGroup;
			children = (
				DA866CA104B1A4BE56F91886 /* Pods-KarrosTech.debug.xcconfig */,
				4F348519EB77D5F1CE552EA3 /* Pods-KarrosTech.release.xcconfig */,
			);
			path = Pods;
			sourceTree = "<group>";
		};
		B0E71F0681CE2226A3A5B78D /* Frameworks */ = {
			isa = PBXGroup;
			children = (
				89CBD9BBA17FF2F27C23516C /* Pods_KarrosTech.framework */,
			);
			name = Frameworks;
			sourceTree = "<group>";
		};
		FD0D061225FB9EFE00A31015 = {
			isa = PBXGroup;
			children = (
				FD0D061D25FB9EFE00A31015 /* KarrosTech */,
				FD0D061C25FB9EFE00A31015 /* Products */,
				292D245689FCF6C04FE04C78 /* Pods */,
				B0E71F0681CE2226A3A5B78D /* Frameworks */,
			);
			sourceTree = "<group>";
		};
		FD0D061C25FB9EFE00A31015 /* Products */ = {
			isa = PBXGroup;
			children = (
				FD0D061B25FB9EFE00A31015 /* KarrosTech.app */,
			);
			name = Products;
			sourceTree = "<group>";
		};
		FD0D061D25FB9EFE00A31015 /* KarrosTech */ = {
			isa = PBXGroup;
			children = (
				FD97BB7925FDDEFD00D37E00 /* Platform */,
				FD97BB7825FDDEF300D37E00 /* Domain */,
				FDF12C6F25FCA83500136287 /* Application */,
				FD0D063D25FBA1E800A31015 /* Common */,
				FD0D063A25FB9FBF00A31015 /* Resources */,
				FD0D063925FB9FB000A31015 /* Config */,
				FD0D062C25FB9F0100A31015 /* Info.plist */,
				FD0D062425FB9EFE00A31015 /* Main.storyboard */,
				FD0D062925FB9F0100A31015 /* LaunchScreen.storyboard */,
			);
			path = KarrosTech;
			sourceTree = "<group>";
		};
		FD0D063725FB9F5D00A31015 /* Home */ = {
			isa = PBXGroup;
			children = (
				FD5276D325FF771F00839EB9 /* DataSource */,
				FDF12C2E25FC60C500136287 /* ViewModel */,
				FD0D064925FBA47E00A31015 /* View */,
				FD0D062225FB9EFE00A31015 /* HomeViewController.swift */,
			);
			path = Home;
			sourceTree = "<group>";
		};
		FD0D063825FB9F7C00A31015 /* Detail */ = {
			isa = PBXGroup;
			children = (
				FDF12C2F25FC60D000136287 /* ViewModel */,
				FD0D065F25FBAB7500A31015 /* View */,
				FD0D063425FB9F5700A31015 /* DetailViewController.swift */,
			);
			path = Detail;
			sourceTree = "<group>";
		};
		FD0D063925FB9FB000A31015 /* Config */ = {
			isa = PBXGroup;
			children = (
				FD0D061E25FB9EFE00A31015 /* AppDelegate.swift */,
				FD0D062025FB9EFE00A31015 /* SceneDelegate.swift */,
			);
			path = Config;
			sourceTree = "<group>";
		};
		FD0D063A25FB9FBF00A31015 /* Resources */ = {
			isa = PBXGroup;
			children = (
				FD0D062725FB9F0100A31015 /* Assets.xcassets */,
			);
			path = Resources;
			sourceTree = "<group>";
		};
		FD0D063D25FBA1E800A31015 /* Common */ = {
			isa = PBXGroup;
			children = (
				FD0D063E25FBA2C200A31015 /* View */,
			);
			path = Common;
			sourceTree = "<group>";
		};
		FD0D063E25FBA2C200A31015 /* View */ = {
			isa = PBXGroup;
			children = (
				FDF12C4425FC875800136287 /* RateStarStack */,
				FDF12C3A25FC834F00136287 /* RateStar */,
				FDF12C3925FC834200136287 /* HeaderSection */,
			);
			path = View;
			sourceTree = "<group>";
		};
		FD0D064925FBA47E00A31015 /* View */ = {
			isa = PBXGroup;
			children = (
				FD0D064C25FBA4B700A31015 /* MovieView */,
				FD0D064B25FBA4AF00A31015 /* CategoryView */,
				FD0D064A25FBA4A800A31015 /* HotView */,
			);
			path = View;
			sourceTree = "<group>";
		};
		FD0D064A25FBA4A800A31015 /* HotView */ = {
			isa = PBXGroup;
			children = (
				FD0D064D25FBA5DB00A31015 /* HotViewItem.swift */,
				FD0D065025FBA5E700A31015 /* HotViewItem.xib */,
			);
			path = HotView;
			sourceTree = "<group>";
		};
		FD0D064B25FBA4AF00A31015 /* CategoryView */ = {
			isa = PBXGroup;
			children = (
				FD0D065325FBA60D00A31015 /* CategoryViewItem.swift */,
				FD0D065625FBA61A00A31015 /* CategoryViewItem.xib */,
			);
			path = CategoryView;
			sourceTree = "<group>";
		};
		FD0D064C25FBA4B700A31015 /* MovieView */ = {
			isa = PBXGroup;
			children = (
				FD0D065925FBA64800A31015 /* MovieViewItem.swift */,
				FD0D065C25FBA65600A31015 /* MovieViewItem.xib */,
			);
			path = MovieView;
			sourceTree = "<group>";
		};
		FD0D065F25FBAB7500A31015 /* View */ = {
			isa = PBXGroup;
			children = (
				FD0D066625FBAC4F00A31015 /* HeaderView */,
				FD0D066525FBAC4800A31015 /* InfoView */,
				FD0D066425FBAC2800A31015 /* RateView */,
				FD0D066225FBABDC00A31015 /* SeriesView */,
				FD0D066325FBAC1D00A31015 /* VideoView */,
				FD0D066125FBABCB00A31015 /* CommentView */,
				FD0D066025FBAB9F00A31015 /* RecommendationView */,
			);
			path = View;
			sourceTree = "<group>";
		};
		FD0D066025FBAB9F00A31015 /* RecommendationView */ = {
			isa = PBXGroup;
			children = (
				FD0D066B25FBAC9D00A31015 /* RecommendationViewItem.swift */,
				FD0D066E25FBACA900A31015 /* RecommendationViewItem.xib */,
			);
			path = RecommendationView;
			sourceTree = "<group>";
		};
		FD0D066125FBABCB00A31015 /* CommentView */ = {
			isa = PBXGroup;
			children = (
				FD0D067125FBACC800A31015 /* CommentViewItem.swift */,
				FD0D067425FBACD200A31015 /* CommentViewItem.xib */,
			);
			path = CommentView;
			sourceTree = "<group>";
		};
		FD0D066225FBABDC00A31015 /* SeriesView */ = {
			isa = PBXGroup;
			children = (
				FD0D067E25FBAD1300A31015 /* SeriesViewItem.swift */,
				FD0D068125FBAD1F00A31015 /* SeriesViewItem.xib */,
			);
			path = SeriesView;
			sourceTree = "<group>";
		};
		FD0D066325FBAC1D00A31015 /* VideoView */ = {
			isa = PBXGroup;
			children = (
				FD0D067725FBACEE00A31015 /* VideoViewItem.swift */,
				FD0D067B25FBACFA00A31015 /* VideoViewItem.xib */,
			);
			path = VideoView;
			sourceTree = "<group>";
		};
		FD0D066425FBAC2800A31015 /* RateView */ = {
			isa = PBXGroup;
			children = (
				FD0D068425FBAD5300A31015 /* RateView.swift */,
				FD0D068725FBAD5F00A31015 /* RateView.xib */,
			);
			path = RateView;
			sourceTree = "<group>";
		};
		FD0D066525FBAC4800A31015 /* InfoView */ = {
			isa = PBXGroup;
			children = (
				FD0D068A25FBAD7300A31015 /* InfoView.swift */,
				FD0D068D25FBAD7F00A31015 /* InfoView.xib */,
			);
			path = InfoView;
			sourceTree = "<group>";
		};
		FD0D066625FBAC4F00A31015 /* HeaderView */ = {
			isa = PBXGroup;
			children = (
				FD0D069025FBAE3D00A31015 /* HeaderView.swift */,
				FD0D069325FBAE4800A31015 /* HeaderView.xib */,
			);
			path = HeaderView;
			sourceTree = "<group>";
		};
		FD52768325FDE68500839EB9 /* Generic */ = {
			isa = PBXGroup;
			children = (
				FDF12C7125FCA92600136287 /* Results.swift */,
				FDF12C9225FCB5EF00136287 /* Genres.swift */,
			);
			path = Generic;
			sourceTree = "<group>";
		};
		FD5276D325FF771F00839EB9 /* DataSource */ = {
			isa = PBXGroup;
			children = (
				FD5276D425FF773600839EB9 /* HomeSectionData.swift */,
			);
			path = DataSource;
			sourceTree = "<group>";
		};
		FD97BB7825FDDEF300D37E00 /* Domain */ = {
			isa = PBXGroup;
			children = (
				FDF12C7025FCA84C00136287 /* Model */,
			);
			path = Domain;
			sourceTree = "<group>";
		};
		FD97BB7925FDDEFD00D37E00 /* Platform */ = {
			isa = PBXGroup;
			children = (
				FDF12C6E25FCA7DE00136287 /* Local */,
				FDF12C3725FC613A00136287 /* Remote */,
				FDF12C3625FC612A00136287 /* Repository */,
			);
			path = Platform;
			sourceTree = "<group>";
		};
		FDF12C2E25FC60C500136287 /* ViewModel */ = {
			isa = PBXGroup;
			children = (
				FDF12C3325FC610500136287 /* HomeViewModel.swift */,
			);
			path = ViewModel;
			sourceTree = "<group>";
		};
		FDF12C2F25FC60D000136287 /* ViewModel */ = {
			isa = PBXGroup;
			children = (
				FDF12C3025FC60F800136287 /* DetailViewModel.swift */,
			);
			path = ViewModel;
			sourceTree = "<group>";
		};
		FDF12C3625FC612A00136287 /* Repository */ = {
			isa = PBXGroup;
			children = (
				FD52767225FDE1E400839EB9 /* TheMovieDbRepository.swift */,
			);
			path = Repository;
			sourceTree = "<group>";
		};
		FDF12C3725FC613A00136287 /* Remote */ = {
			isa = PBXGroup;
			children = (
				FD97BB6825FCCB6700D37E00 /* NetworkError.swift */,
				FDF12C5325FCA31300136287 /* TheMovieDbService.swift */,
				FD97BB6E25FCCC2800D37E00 /* TheMovieDbRemote.swift */,
			);
			path = Remote;
			sourceTree = "<group>";
		};
		FDF12C3925FC834200136287 /* HeaderSection */ = {
			isa = PBXGroup;
			children = (
				FD0D064525FBA34A00A31015 /* HeaderSectionViewable.swift */,
				FDF12C4D25FC8CFF00136287 /* HeaderSectionView.swift */,
				FDF12C5025FC8D0F00136287 /* HeaderSectionView.xib */,
			);
			path = HeaderSection;
			sourceTree = "<group>";
		};
		FDF12C3A25FC834F00136287 /* RateStar */ = {
			isa = PBXGroup;
			children = (
				FDF12C3B25FC836E00136287 /* RateStarViewable.swift */,
				FDF12C3E25FC838D00136287 /* RateStarView.swift */,
				FDF12C4125FC83A300136287 /* RateStarView.xib */,
			);
			path = RateStar;
			sourceTree = "<group>";
		};
		FDF12C4425FC875800136287 /* RateStarStack */ = {
			isa = PBXGroup;
			children = (
				FDF12C4525FC878E00136287 /* RateStarStack.swift */,
				FDF12C4925FC879F00136287 /* RateStarStack.xib */,
			);
			path = RateStarStack;
			sourceTree = "<group>";
		};
		FDF12C6E25FCA7DE00136287 /* Local */ = {
			isa = PBXGroup;
			children = (
				FD97BB7325FD265E00D37E00 /* TheMovieDbPresistance.swift */,
				FD97BB6B25FCCBDF00D37E00 /* TheMovieDbLocal.swift */,
			);
			path = Local;
			sourceTree = "<group>";
		};
		FDF12C6F25FCA83500136287 /* Application */ = {
			isa = PBXGroup;
			children = (
				FD0D063825FB9F7C00A31015 /* Detail */,
				FD0D063725FB9F5D00A31015 /* Home */,
			);
			path = Application;
			sourceTree = "<group>";
		};
		FDF12C7025FCA84C00136287 /* Model */ = {
			isa = PBXGroup;
			children = (
				FD52768325FDE68500839EB9 /* Generic */,
				FDF12C8225FCAD2300136287 /* DatesModel.swift */,
				FDF12C8525FCAD4600136287 /* OriginalLanguageModel.swift */,
				FDF12C8825FCAD8500136287 /* UpcomingModel.swift */,
				FDF12C8B25FCAF5700136287 /* TopRatedModel.swift */,
				FDF12C7525FCA95000136287 /* PopularModel.swift */,
				FDF12C8F25FCB59600136287 /* RecommendationModel.swift */,
				FDF12C9525FCB63D00136287 /* GenreModel.swift */,
				FD52767525FDE4A800839EB9 /* SpokenLanguageModel.swift */,
				FD52767825FDE4CC00839EB9 /* ProductionCountryModel.swift */,
				FD52767B25FDE4E600839EB9 /* ProductionCompanyModel.swift */,
				FD52767F25FDE63800839EB9 /* BelongsToCollectionModel.swift */,
				FD52768525FDE6E700839EB9 /* MovieDetailsModel.swift */,
				FD52768825FE748A00839EB9 /* AuthorDetailsModel.swift */,
				FD52768B25FE74AB00839EB9 /* ResultModel.swift */,
				FD52768F25FEFBD700839EB9 /* VideoModel.swift */,
			);
			path = Model;
			sourceTree = "<group>";
		};
/* End PBXGroup section */

/* Begin PBXNativeTarget section */
		FD0D061A25FB9EFE00A31015 /* KarrosTech */ = {
			isa = PBXNativeTarget;
			buildConfigurationList = FD0D062F25FB9F0100A31015 /* Build configuration list for PBXNativeTarget "KarrosTech" */;
			buildPhases = (
				06553EE18862A6B514B3B2EF /* [CP] Check Pods Manifest.lock */,
				FD0D061725FB9EFE00A31015 /* Sources */,
				FD0D061825FB9EFE00A31015 /* Frameworks */,
				FD0D061925FB9EFE00A31015 /* Resources */,
				0E2D8C411C3EA01E72359496 /* [CP] Embed Pods Frameworks */,
			);
			buildRules = (
			);
			dependencies = (
			);
			name = KarrosTech;
			productName = KarrosTech;
			productReference = FD0D061B25FB9EFE00A31015 /* KarrosTech.app */;
			productType = "com.apple.product-type.application";
		};
/* End PBXNativeTarget section */

/* Begin PBXProject section */
		FD0D061325FB9EFE00A31015 /* Project object */ = {
			isa = PBXProject;
			attributes = {
				LastSwiftUpdateCheck = 1240;
				LastUpgradeCheck = 1240;
				TargetAttributes = {
					FD0D061A25FB9EFE00A31015 = {
						CreatedOnToolsVersion = 12.4;
					};
				};
			};
			buildConfigurationList = FD0D061625FB9EFE00A31015 /* Build configuration list for PBXProject "KarrosTech" */;
			compatibilityVersion = "Xcode 9.3";
			developmentRegion = en;
			hasScannedForEncodings = 0;
			knownRegions = (
				en,
				Base,
			);
			mainGroup = FD0D061225FB9EFE00A31015;
			productRefGroup = FD0D061C25FB9EFE00A31015 /* Products */;
			projectDirPath = "";
			projectRoot = "";
			targets = (
				FD0D061A25FB9EFE00A31015 /* KarrosTech */,
			);
		};
/* End PBXProject section */

/* Begin PBXResourcesBuildPhase section */
		FD0D061925FB9EFE00A31015 /* Resources */ = {
			isa = PBXResourcesBuildPhase;
			buildActionMask = 2147483647;
			files = (
				FD0D068825FBAD5F00A31015 /* RateView.xib in Resources */,
				FD0D062B25FB9F0100A31015 /* LaunchScreen.storyboard in Resources */,
				FD0D067C25FBACFA00A31015 /* VideoViewItem.xib in Resources */,
				FD0D062825FB9F0100A31015 /* Assets.xcassets in Resources */,
				FD0D067525FBACD200A31015 /* CommentViewItem.xib in Resources */,
				FD0D066F25FBACA900A31015 /* RecommendationViewItem.xib in Resources */,
				FD0D065D25FBA65600A31015 /* MovieViewItem.xib in Resources */,
				FD0D065125FBA5E700A31015 /* HotViewItem.xib in Resources */,
				FD0D068E25FBAD7F00A31015 /* InfoView.xib in Resources */,
				FD0D062625FB9EFE00A31015 /* Main.storyboard in Resources */,
				FDF12C4225FC83A300136287 /* RateStarView.xib in Resources */,
				FD0D068225FBAD1F00A31015 /* SeriesViewItem.xib in Resources */,
				FD0D065725FBA61A00A31015 /* CategoryViewItem.xib in Resources */,
				FDF12C4A25FC879F00136287 /* RateStarStack.xib in Resources */,
				FD0D069425FBAE4800A31015 /* HeaderView.xib in Resources */,
				FDF12C5125FC8D0F00136287 /* HeaderSectionView.xib in Resources */,
			);
			runOnlyForDeploymentPostprocessing = 0;
		};
/* End PBXResourcesBuildPhase section */

/* Begin PBXShellScriptBuildPhase section */
		06553EE18862A6B514B3B2EF /* [CP] Check Pods Manifest.lock */ = {
			isa = PBXShellScriptBuildPhase;
			buildActionMask = 2147483647;
			files = (
			);
			inputFileListPaths = (
			);
			inputPaths = (
				"${PODS_PODFILE_DIR_PATH}/Podfile.lock",
				"${PODS_ROOT}/Manifest.lock",
			);
			name = "[CP] Check Pods Manifest.lock";
			outputFileListPaths = (
			);
			outputPaths = (
				"$(DERIVED_FILE_DIR)/Pods-KarrosTech-checkManifestLockResult.txt",
			);
			runOnlyForDeploymentPostprocessing = 0;
			shellPath = /bin/sh;
			shellScript = "diff \"${PODS_PODFILE_DIR_PATH}/Podfile.lock\" \"${PODS_ROOT}/Manifest.lock\" > /dev/null\nif [ $? != 0 ] ; then\n    # print error to STDERR\n    echo \"error: The sandbox is not in sync with the Podfile.lock. Run 'pod install' or update your CocoaPods installation.\" >&2\n    exit 1\nfi\n# This output is used by Xcode 'outputs' to avoid re-running this script phase.\necho \"SUCCESS\" > \"${SCRIPT_OUTPUT_FILE_0}\"\n";
			showEnvVarsInLog = 0;
		};
		0E2D8C411C3EA01E72359496 /* [CP] Embed Pods Frameworks */ = {
			isa = PBXShellScriptBuildPhase;
			buildActionMask = 2147483647;
			files = (
			);
			inputFileListPaths = (
				"${PODS_ROOT}/Target Support Files/Pods-KarrosTech/Pods-KarrosTech-frameworks-${CONFIGURATION}-input-files.xcfilelist",
			);
			name = "[CP] Embed Pods Frameworks";
			outputFileListPaths = (
				"${PODS_ROOT}/Target Support Files/Pods-KarrosTech/Pods-KarrosTech-frameworks-${CONFIGURATION}-output-files.xcfilelist",
			);
			runOnlyForDeploymentPostprocessing = 0;
			shellPath = /bin/sh;
			shellScript = "\"${PODS_ROOT}/Target Support Files/Pods-KarrosTech/Pods-KarrosTech-frameworks.sh\"\n";
			showEnvVarsInLog = 0;
		};
/* End PBXShellScriptBuildPhase section */

/* Begin PBXSourcesBuildPhase section */
		FD0D061725FB9EFE00A31015 /* Sources */ = {
			isa = PBXSourcesBuildPhase;
			buildActionMask = 2147483647;
			files = (
				FDF12C4E25FC8CFF00136287 /* HeaderSectionView.swift in Sources */,
				FD97BB6C25FCCBDF00D37E00 /* TheMovieDbLocal.swift in Sources */,
				FD97BB6925FCCB6700D37E00 /* NetworkError.swift in Sources */,
				FD52768625FDE6E700839EB9 /* MovieDetailsModel.swift in Sources */,
				FDF12C5425FCA31300136287 /* TheMovieDbService.swift in Sources */,
				FDF12C3125FC60F800136287 /* DetailViewModel.swift in Sources */,
				FDF12C3425FC610500136287 /* HomeViewModel.swift in Sources */,
				FD0D067F25FBAD1300A31015 /* SeriesViewItem.swift in Sources */,
				FD0D067225FBACC800A31015 /* CommentViewItem.swift in Sources */,
				FDF12C7625FCA95000136287 /* PopularModel.swift in Sources */,
				FD52767925FDE4CC00839EB9 /* ProductionCountryModel.swift in Sources */,
				FD0D065A25FBA64800A31015 /* MovieViewItem.swift in Sources */,
				FD97BB6F25FCCC2800D37E00 /* TheMovieDbRemote.swift in Sources */,
				FDF12C9325FCB5EF00136287 /* Genres.swift in Sources */,
				FD0D064E25FBA5DB00A31015 /* HotViewItem.swift in Sources */,
				FD52768925FE748B00839EB9 /* AuthorDetailsModel.swift in Sources */,
				FDF12C9625FCB63D00136287 /* GenreModel.swift in Sources */,
				FD52767C25FDE4E600839EB9 /* ProductionCompanyModel.swift in Sources */,
				FD5276D525FF773600839EB9 /* HomeSectionData.swift in Sources */,
				FD0D067825FBACEE00A31015 /* VideoViewItem.swift in Sources */,
				FD0D065425FBA60D00A31015 /* CategoryViewItem.swift in Sources */,
				FDF12C4625FC878E00136287 /* RateStarStack.swift in Sources */,
				FDF12C7225FCA92600136287 /* Results.swift in Sources */,
				FD0D062325FB9EFE00A31015 /* HomeViewController.swift in Sources */,
				FD0D061F25FB9EFE00A31015 /* AppDelegate.swift in Sources */,
				FDF12C8925FCAD8500136287 /* UpcomingModel.swift in Sources */,
				FD0D068525FBAD5300A31015 /* RateView.swift in Sources */,
				FD0D062125FB9EFE00A31015 /* SceneDelegate.swift in Sources */,
				FD97BB7425FD265E00D37E00 /* TheMovieDbPresistance.swift in Sources */,
				FD52767325FDE1E400839EB9 /* TheMovieDbRepository.swift in Sources */,
				FD52768025FDE63800839EB9 /* BelongsToCollectionModel.swift in Sources */,
				FD0D064625FBA34A00A31015 /* HeaderSectionViewable.swift in Sources */,
				FD0D063525FB9F5700A31015 /* DetailViewController.swift in Sources */,
				FDF12C8C25FCAF5700136287 /* TopRatedModel.swift in Sources */,
				FDF12C3F25FC838D00136287 /* RateStarView.swift in Sources */,
				FDF12C8325FCAD2300136287 /* DatesModel.swift in Sources */,
				FD52767625FDE4A800839EB9 /* SpokenLanguageModel.swift in Sources */,
				FD0D066C25FBAC9D00A31015 /* RecommendationViewItem.swift in Sources */,
				FDF12C3C25FC836E00136287 /* RateStarViewable.swift in Sources */,
				FD52768C25FE74AB00839EB9 /* ResultModel.swift in Sources */,
				FD0D068B25FBAD7300A31015 /* InfoView.swift in Sources */,
				FDF12C8625FCAD4600136287 /* OriginalLanguageModel.swift in Sources */,
				FD0D069125FBAE3D00A31015 /* HeaderView.swift in Sources */,
				FDF12C9025FCB59600136287 /* RecommendationModel.swift in Sources */,
				FD52769025FEFBD700839EB9 /* VideoModel.swift in Sources */,
			);
			runOnlyForDeploymentPostprocessing = 0;
		};
/* End PBXSourcesBuildPhase section */

/* Begin PBXVariantGroup section */
		FD0D062425FB9EFE00A31015 /* Main.storyboard */ = {
			isa = PBXVariantGroup;
			children = (
				FD0D062525FB9EFE00A31015 /* Base */,
			);
			name = Main.storyboard;
			sourceTree = "<group>";
		};
		FD0D062925FB9F0100A31015 /* LaunchScreen.storyboard */ = {
			isa = PBXVariantGroup;
			children = (
				FD0D062A25FB9F0100A31015 /* Base */,
			);
			name = LaunchScreen.storyboard;
			sourceTree = "<group>";
		};
/* End PBXVariantGroup section */

/* Begin XCBuildConfiguration section */
		FD0D062D25FB9F0100A31015 /* Debug */ = {
			isa = XCBuildConfiguration;
			buildSettings = {
				ALWAYS_SEARCH_USER_PATHS = NO;
				CLANG_ANALYZER_NONNULL = YES;
				CLANG_ANALYZER_NUMBER_OBJECT_CONVERSION = YES_AGGRESSIVE;
				CLANG_CXX_LANGUAGE_STANDARD = "gnu++14";
				CLANG_CXX_LIBRARY = "libc++";
				CLANG_ENABLE_MODULES = YES;
				CLANG_ENABLE_OBJC_ARC = YES;
				CLANG_ENABLE_OBJC_WEAK = YES;
				CLANG_WARN_BLOCK_CAPTURE_AUTORELEASING = YES;
				CLANG_WARN_BOOL_CONVERSION = YES;
				CLANG_WARN_COMMA = YES;
				CLANG_WARN_CONSTANT_CONVERSION = YES;
				CLANG_WARN_DEPRECATED_OBJC_IMPLEMENTATIONS = YES;
				CLANG_WARN_DIRECT_OBJC_ISA_USAGE = YES_ERROR;
				CLANG_WARN_DOCUMENTATION_COMMENTS = YES;
				CLANG_WARN_EMPTY_BODY = YES;
				CLANG_WARN_ENUM_CONVERSION = YES;
				CLANG_WARN_INFINITE_RECURSION = YES;
				CLANG_WARN_INT_CONVERSION = YES;
				CLANG_WARN_NON_LITERAL_NULL_CONVERSION = YES;
				CLANG_WARN_OBJC_IMPLICIT_RETAIN_SELF = YES;
				CLANG_WARN_OBJC_LITERAL_CONVERSION = YES;
				CLANG_WARN_OBJC_ROOT_CLASS = YES_ERROR;
				CLANG_WARN_QUOTED_INCLUDE_IN_FRAMEWORK_HEADER = YES;
				CLANG_WARN_RANGE_LOOP_ANALYSIS = YES;
				CLANG_WARN_STRICT_PROTOTYPES = YES;
				CLANG_WARN_SUSPICIOUS_MOVE = YES;
				CLANG_WARN_UNGUARDED_AVAILABILITY = YES_AGGRESSIVE;
				CLANG_WARN_UNREACHABLE_CODE = YES;
				CLANG_WARN__DUPLICATE_METHOD_MATCH = YES;
				COPY_PHASE_STRIP = NO;
				DEBUG_INFORMATION_FORMAT = dwarf;
				ENABLE_STRICT_OBJC_MSGSEND = YES;
				ENABLE_TESTABILITY = YES;
				GCC_C_LANGUAGE_STANDARD = gnu11;
				GCC_DYNAMIC_NO_PIC = NO;
				GCC_NO_COMMON_BLOCKS = YES;
				GCC_OPTIMIZATION_LEVEL = 0;
				GCC_PREPROCESSOR_DEFINITIONS = (
					"DEBUG=1",
					"$(inherited)",
				);
				GCC_WARN_64_TO_32_BIT_CONVERSION = YES;
				GCC_WARN_ABOUT_RETURN_TYPE = YES_ERROR;
				GCC_WARN_UNDECLARED_SELECTOR = YES;
				GCC_WARN_UNINITIALIZED_AUTOS = YES_AGGRESSIVE;
				GCC_WARN_UNUSED_FUNCTION = YES;
				GCC_WARN_UNUSED_VARIABLE = YES;
				IPHONEOS_DEPLOYMENT_TARGET = 14.4;
				MTL_ENABLE_DEBUG_INFO = INCLUDE_SOURCE;
				MTL_FAST_MATH = YES;
				ONLY_ACTIVE_ARCH = YES;
				SDKROOT = iphoneos;
				SWIFT_ACTIVE_COMPILATION_CONDITIONS = DEBUG;
				SWIFT_OPTIMIZATION_LEVEL = "-Onone";
			};
			name = Debug;
		};
		FD0D062E25FB9F0100A31015 /* Release */ = {
			isa = XCBuildConfiguration;
			buildSettings = {
				ALWAYS_SEARCH_USER_PATHS = NO;
				CLANG_ANALYZER_NONNULL = YES;
				CLANG_ANALYZER_NUMBER_OBJECT_CONVERSION = YES_AGGRESSIVE;
				CLANG_CXX_LANGUAGE_STANDARD = "gnu++14";
				CLANG_CXX_LIBRARY = "libc++";
				CLANG_ENABLE_MODULES = YES;
				CLANG_ENABLE_OBJC_ARC = YES;
				CLANG_ENABLE_OBJC_WEAK = YES;
				CLANG_WARN_BLOCK_CAPTURE_AUTORELEASING = YES;
				CLANG_WARN_BOOL_CONVERSION = YES;
				CLANG_WARN_COMMA = YES;
				CLANG_WARN_CONSTANT_CONVERSION = YES;
				CLANG_WARN_DEPRECATED_OBJC_IMPLEMENTATIONS = YES;
				CLANG_WARN_DIRECT_OBJC_ISA_USAGE = YES_ERROR;
				CLANG_WARN_DOCUMENTATION_COMMENTS = YES;
				CLANG_WARN_EMPTY_BODY = YES;
				CLANG_WARN_ENUM_CONVERSION = YES;
				CLANG_WARN_INFINITE_RECURSION = YES;
				CLANG_WARN_INT_CONVERSION = YES;
				CLANG_WARN_NON_LITERAL_NULL_CONVERSION = YES;
				CLANG_WARN_OBJC_IMPLICIT_RETAIN_SELF = YES;
				CLANG_WARN_OBJC_LITERAL_CONVERSION = YES;
				CLANG_WARN_OBJC_ROOT_CLASS = YES_ERROR;
				CLANG_WARN_QUOTED_INCLUDE_IN_FRAMEWORK_HEADER = YES;
				CLANG_WARN_RANGE_LOOP_ANALYSIS = YES;
				CLANG_WARN_STRICT_PROTOTYPES = YES;
				CLANG_WARN_SUSPICIOUS_MOVE = YES;
				CLANG_WARN_UNGUARDED_AVAILABILITY = YES_AGGRESSIVE;
				CLANG_WARN_UNREACHABLE_CODE = YES;
				CLANG_WARN__DUPLICATE_METHOD_MATCH = YES;
				COPY_PHASE_STRIP = NO;
				DEBUG_INFORMATION_FORMAT = "dwarf-with-dsym";
				ENABLE_NS_ASSERTIONS = NO;
				ENABLE_STRICT_OBJC_MSGSEND = YES;
				GCC_C_LANGUAGE_STANDARD = gnu11;
				GCC_NO_COMMON_BLOCKS = YES;
				GCC_WARN_64_TO_32_BIT_CONVERSION = YES;
				GCC_WARN_ABOUT_RETURN_TYPE = YES_ERROR;
				GCC_WARN_UNDECLARED_SELECTOR = YES;
				GCC_WARN_UNINITIALIZED_AUTOS = YES_AGGRESSIVE;
				GCC_WARN_UNUSED_FUNCTION = YES;
				GCC_WARN_UNUSED_VARIABLE = YES;
				IPHONEOS_DEPLOYMENT_TARGET = 14.4;
				MTL_ENABLE_DEBUG_INFO = NO;
				MTL_FAST_MATH = YES;
				SDKROOT = iphoneos;
				SWIFT_COMPILATION_MODE = wholemodule;
				SWIFT_OPTIMIZATION_LEVEL = "-O";
				VALIDATE_PRODUCT = YES;
			};
			name = Release;
		};
		FD0D063025FB9F0100A31015 /* Debug */ = {
			isa = XCBuildConfiguration;
			baseConfigurationReference = DA866CA104B1A4BE56F91886 /* Pods-KarrosTech.debug.xcconfig */;
			buildSettings = {
				ASSETCATALOG_COMPILER_APPICON_NAME = AppIcon;
				ASSETCATALOG_COMPILER_GLOBAL_ACCENT_COLOR_NAME = AccentColor;
				CODE_SIGN_STYLE = Automatic;
				DEVELOPMENT_TEAM = TTJSL9A4S8;
				INFOPLIST_FILE = KarrosTech/Info.plist;
				LD_RUNPATH_SEARCH_PATHS = (
					"$(inherited)",
					"@executable_path/Frameworks",
				);
				PRODUCT_BUNDLE_IDENTIFIER = com.gmail.tcthanh1992.KarrosTech.Sample;
				PRODUCT_NAME = "$(TARGET_NAME)";
				SWIFT_VERSION = 5.0;
				TARGETED_DEVICE_FAMILY = 1;
			};
			name = Debug;
		};
		FD0D063125FB9F0100A31015 /* Release */ = {
			isa = XCBuildConfiguration;
			baseConfigurationReference = 4F348519EB77D5F1CE552EA3 /* Pods-KarrosTech.release.xcconfig */;
			buildSettings = {
				ASSETCATALOG_COMPILER_APPICON_NAME = AppIcon;
				ASSETCATALOG_COMPILER_GLOBAL_ACCENT_COLOR_NAME = AccentColor;
				CODE_SIGN_STYLE = Automatic;
				DEVELOPMENT_TEAM = TTJSL9A4S8;
				INFOPLIST_FILE = KarrosTech/Info.plist;
				LD_RUNPATH_SEARCH_PATHS = (
					"$(inherited)",
					"@executable_path/Frameworks",
				);
				PRODUCT_BUNDLE_IDENTIFIER = com.gmail.tcthanh1992.KarrosTech.Sample;
				PRODUCT_NAME = "$(TARGET_NAME)";
				SWIFT_VERSION = 5.0;
				TARGETED_DEVICE_FAMILY = 1;
			};
			name = Release;
		};
/* End XCBuildConfiguration section */

/* Begin XCConfigurationList section */
		FD0D061625FB9EFE00A31015 /* Build configuration list for PBXProject "KarrosTech" */ = {
			isa = XCConfigurationList;
			buildConfigurations = (
				FD0D062D25FB9F0100A31015 /* Debug */,
				FD0D062E25FB9F0100A31015 /* Release */,
			);
			defaultConfigurationIsVisible = 0;
			defaultConfigurationName = Release;
		};
		FD0D062F25FB9F0100A31015 /* Build configuration list for PBXNativeTarget "KarrosTech" */ = {
			isa = XCConfigurationList;
			buildConfigurations = (
				FD0D063025FB9F0100A31015 /* Debug */,
				FD0D063125FB9F0100A31015 /* Release */,
			);
			defaultConfigurationIsVisible = 0;
			defaultConfigurationName = Release;
		};
/* End XCConfigurationList section */
	};
	rootObject = FD0D061325FB9EFE00A31015 /* Project object */;
}
