// !$*UTF8*$!
{
	archiveVersion = 1;
	classes = {
	};
	objectVersion = 51;
	objects = {

/* Begin PBXBuildFile section */
		A8D8151947B397B646F5B804 /* libPods-KarrosTechTests.a in Frameworks */ = {isa = PBXBuildFile; fileRef = 69F2E07947816CEE9AB008EC /* libPods-KarrosTechTests.a */; };
		D23741DE442F2B7E51AD2A04 /* Pods_KarrosTech.framework in Frameworks */ = {isa = PBXBuildFile; fileRef = 89CBD9BBA17FF2F27C23516C /* Pods_KarrosTech.framework */; };
		FD0D061F25FB9EFE00A31015 /* AppDelegate.swift in Sources */ = {isa = PBXBuildFile; fileRef = FD0D061E25FB9EFE00A31015 /* AppDelegate.swift */; };
		FD0D062125FB9EFE00A31015 /* SceneDelegate.swift in Sources */ = {isa = PBXBuildFile; fileRef = FD0D062025FB9EFE00A31015 /* SceneDelegate.swift */; };
		FD0D062325FB9EFE00A31015 /* HomeViewController.swift in Sources */ = {isa = PBXBuildFile; fileRef = FD0D062225FB9EFE00A31015 /* HomeViewController.swift */; };
		FD0D062625FB9EFE00A31015 /* Main.storyboard in Resources */ = {isa = PBXBuildFile; fileRef = FD0D062425FB9EFE00A31015 /* Main.storyboard */; };
		FD0D062825FB9F0100A31015 /* Assets.xcassets in Resources */ = {isa = PBXBuildFile; fileRef = FD0D062725FB9F0100A31015 /* Assets.xcassets */; };
		FD0D062B25FB9F0100A31015 /* LaunchScreen.storyboard in Resources */ = {isa = PBXBuildFile; fileRef = FD0D062925FB9F0100A31015 /* LaunchScreen.storyboard */; };
		FD0D063525FB9F5700A31015 /* DetailsViewController.swift in Sources */ = {isa = PBXBuildFile; fileRef = FD0D063425FB9F5700A31015 /* DetailsViewController.swift */; };
		FD0D064625FBA34A00A31015 /* HeaderSectionViewable.swift in Sources */ = {isa = PBXBuildFile; fileRef = FD0D064525FBA34A00A31015 /* HeaderSectionViewable.swift */; };
		FD0D066C25FBAC9D00A31015 /* RecommendationViewItem.swift in Sources */ = {isa = PBXBuildFile; fileRef = FD0D066B25FBAC9D00A31015 /* RecommendationViewItem.swift */; };
		FD0D066F25FBACA900A31015 /* RecommendationViewItem.xib in Resources */ = {isa = PBXBuildFile; fileRef = FD0D066E25FBACA900A31015 /* RecommendationViewItem.xib */; };
		FD0D067225FBACC800A31015 /* CommentViewItem.swift in Sources */ = {isa = PBXBuildFile; fileRef = FD0D067125FBACC800A31015 /* CommentViewItem.swift */; };
		FD0D067525FBACD200A31015 /* CommentViewItem.xib in Resources */ = {isa = PBXBuildFile; fileRef = FD0D067425FBACD200A31015 /* CommentViewItem.xib */; };
		FD0D067825FBACEE00A31015 /* VideoViewItem.swift in Sources */ = {isa = PBXBuildFile; fileRef = FD0D067725FBACEE00A31015 /* VideoViewItem.swift */; };
		FD0D067C25FBACFA00A31015 /* VideoViewItem.xib in Resources */ = {isa = PBXBuildFile; fileRef = FD0D067B25FBACFA00A31015 /* VideoViewItem.xib */; };
		FD0D067F25FBAD1300A31015 /* SeriesViewItem.swift in Sources */ = {isa = PBXBuildFile; fileRef = FD0D067E25FBAD1300A31015 /* SeriesViewItem.swift */; };
		FD0D068225FBAD1F00A31015 /* SeriesViewItem.xib in Resources */ = {isa = PBXBuildFile; fileRef = FD0D068125FBAD1F00A31015 /* SeriesViewItem.xib */; };
		FD0D068525FBAD5300A31015 /* RateView.swift in Sources */ = {isa = PBXBuildFile; fileRef = FD0D068425FBAD5300A31015 /* RateView.swift */; };
		FD0D068825FBAD5F00A31015 /* RateView.xib in Resources */ = {isa = PBXBuildFile; fileRef = FD0D068725FBAD5F00A31015 /* RateView.xib */; };
		FD0D068B25FBAD7300A31015 /* InfoView.swift in Sources */ = {isa = PBXBuildFile; fileRef = FD0D068A25FBAD7300A31015 /* InfoView.swift */; };
		FD0D068E25FBAD7F00A31015 /* InfoView.xib in Resources */ = {isa = PBXBuildFile; fileRef = FD0D068D25FBAD7F00A31015 /* InfoView.xib */; };
		FD15EB7526047330005285D8 /* RecommendationTableViewCell.swift in Sources */ = {isa = PBXBuildFile; fileRef = FD15EB7326047330005285D8 /* RecommendationTableViewCell.swift */; };
		FD15EB7626047330005285D8 /* RecommendationTableViewCell.xib in Resources */ = {isa = PBXBuildFile; fileRef = FD15EB7426047330005285D8 /* RecommendationTableViewCell.xib */; };
		FD15EB7A26047345005285D8 /* CategoryTableViewCell.swift in Sources */ = {isa = PBXBuildFile; fileRef = FD15EB7826047345005285D8 /* CategoryTableViewCell.swift */; };
		FD15EB7B26047345005285D8 /* CategoryTableViewCell.xib in Resources */ = {isa = PBXBuildFile; fileRef = FD15EB7926047345005285D8 /* CategoryTableViewCell.xib */; };
		FD15EB7F26047362005285D8 /* PopularTableViewCell.swift in Sources */ = {isa = PBXBuildFile; fileRef = FD15EB7D26047362005285D8 /* PopularTableViewCell.swift */; };
		FD15EB8026047362005285D8 /* PopularTableViewCell.xib in Resources */ = {isa = PBXBuildFile; fileRef = FD15EB7E26047362005285D8 /* PopularTableViewCell.xib */; };
		FD15EB8426047371005285D8 /* TopRatedTableViewCell.swift in Sources */ = {isa = PBXBuildFile; fileRef = FD15EB8226047371005285D8 /* TopRatedTableViewCell.swift */; };
		FD15EB8526047371005285D8 /* TopRatedTableViewCell.xib in Resources */ = {isa = PBXBuildFile; fileRef = FD15EB8326047371005285D8 /* TopRatedTableViewCell.xib */; };
		FD15EB8926047384005285D8 /* UpcomingTableViewCell.swift in Sources */ = {isa = PBXBuildFile; fileRef = FD15EB8726047384005285D8 /* UpcomingTableViewCell.swift */; };
		FD15EB8A26047384005285D8 /* UpcomingTableViewCell.xib in Resources */ = {isa = PBXBuildFile; fileRef = FD15EB8826047384005285D8 /* UpcomingTableViewCell.xib */; };
		FD15EB9D26048E88005285D8 /* RecommendationCollectionViewCell.swift in Sources */ = {isa = PBXBuildFile; fileRef = FD15EB9B26048E88005285D8 /* RecommendationCollectionViewCell.swift */; };
		FD15EB9E26048E88005285D8 /* RecommendationCollectionViewCell.xib in Resources */ = {isa = PBXBuildFile; fileRef = FD15EB9C26048E88005285D8 /* RecommendationCollectionViewCell.xib */; };
		FD15EBAA26048EEF005285D8 /* PopularCollectionViewCell.swift in Sources */ = {isa = PBXBuildFile; fileRef = FD15EBA826048EEF005285D8 /* PopularCollectionViewCell.swift */; };
		FD15EBAB26048EEF005285D8 /* PopularCollectionViewCell.xib in Resources */ = {isa = PBXBuildFile; fileRef = FD15EBA926048EEF005285D8 /* PopularCollectionViewCell.xib */; };
		FD15EBB026048EFD005285D8 /* TopRatedCollectionViewCell.swift in Sources */ = {isa = PBXBuildFile; fileRef = FD15EBAE26048EFD005285D8 /* TopRatedCollectionViewCell.swift */; };
		FD15EBB126048EFD005285D8 /* TopRatedCollectionViewCell.xib in Resources */ = {isa = PBXBuildFile; fileRef = FD15EBAF26048EFD005285D8 /* TopRatedCollectionViewCell.xib */; };
		FD15EBB526048F0F005285D8 /* UpcomingCollectionViewCell.swift in Sources */ = {isa = PBXBuildFile; fileRef = FD15EBB326048F0F005285D8 /* UpcomingCollectionViewCell.swift */; };
		FD15EBB626048F0F005285D8 /* UpcomingCollectionViewCell.xib in Resources */ = {isa = PBXBuildFile; fileRef = FD15EBB426048F0F005285D8 /* UpcomingCollectionViewCell.xib */; };
		FD15EBBA26048FC2005285D8 /* TypeView.swift in Sources */ = {isa = PBXBuildFile; fileRef = FD15EBB926048FC2005285D8 /* TypeView.swift */; };
		FD15EBBD26048FCE005285D8 /* TypeView.xib in Resources */ = {isa = PBXBuildFile; fileRef = FD15EBBC26048FCE005285D8 /* TypeView.xib */; };
		FD1D85A42610503D00052AE1 /* RelativeDatetime.swift in Sources */ = {isa = PBXBuildFile; fileRef = FD1D85A32610503D00052AE1 /* RelativeDatetime.swift */; };
		FD52767625FDE4A800839EB9 /* SpokenLanguageEntity.swift in Sources */ = {isa = PBXBuildFile; fileRef = FD52767525FDE4A800839EB9 /* SpokenLanguageEntity.swift */; };
		FD52767925FDE4CC00839EB9 /* ProductionCountryEntity.swift in Sources */ = {isa = PBXBuildFile; fileRef = FD52767825FDE4CC00839EB9 /* ProductionCountryEntity.swift */; };
		FD52767C25FDE4E600839EB9 /* ProductionCompanyEntity.swift in Sources */ = {isa = PBXBuildFile; fileRef = FD52767B25FDE4E600839EB9 /* ProductionCompanyEntity.swift */; };
		FD52768025FDE63800839EB9 /* BelongsToCollectionEntity.swift in Sources */ = {isa = PBXBuildFile; fileRef = FD52767F25FDE63800839EB9 /* BelongsToCollectionEntity.swift */; };
		FD52768625FDE6E700839EB9 /* MovieDetailsEntity.swift in Sources */ = {isa = PBXBuildFile; fileRef = FD52768525FDE6E700839EB9 /* MovieDetailsEntity.swift */; };
		FD52768925FE748B00839EB9 /* AuthorDetailsEntity.swift in Sources */ = {isa = PBXBuildFile; fileRef = FD52768825FE748A00839EB9 /* AuthorDetailsEntity.swift */; };
		FD52768C25FE74AB00839EB9 /* ResultEntity.swift in Sources */ = {isa = PBXBuildFile; fileRef = FD52768B25FE74AB00839EB9 /* ResultEntity.swift */; };
		FD52769025FEFBD700839EB9 /* VideoEntity.swift in Sources */ = {isa = PBXBuildFile; fileRef = FD52768F25FEFBD700839EB9 /* VideoEntity.swift */; };
		FD5276D525FF773600839EB9 /* HomeSectionData.swift in Sources */ = {isa = PBXBuildFile; fileRef = FD5276D425FF773600839EB9 /* HomeSectionData.swift */; };
		FD5276D925FFADE700839EB9 /* HomeNavigator.swift in Sources */ = {isa = PBXBuildFile; fileRef = FD5276D825FFADE700839EB9 /* HomeNavigator.swift */; };
		FD531DEE2605A9BD0007F59E /* ReviewEntity.swift in Sources */ = {isa = PBXBuildFile; fileRef = FD531DED2605A9BD0007F59E /* ReviewEntity.swift */; };
		FD531DF32605BDD20007F59E /* DetailsSectionData.swift in Sources */ = {isa = PBXBuildFile; fileRef = FD531DF22605BDD20007F59E /* DetailsSectionData.swift */; };
		FD531DF62605CE900007F59E /* YourRateEntity.swift in Sources */ = {isa = PBXBuildFile; fileRef = FD531DF52605CE900007F59E /* YourRateEntity.swift */; };
		FD531DFA2605CF750007F59E /* CreditsEntity.swift in Sources */ = {isa = PBXBuildFile; fileRef = FD531DF92605CF750007F59E /* CreditsEntity.swift */; };
		FD531DFE2605D16A0007F59E /* Typealias.swift in Sources */ = {isa = PBXBuildFile; fileRef = FD531DFD2605D16A0007F59E /* Typealias.swift */; };
		FD531E102605E94D0007F59E /* CommentTableViewCell.swift in Sources */ = {isa = PBXBuildFile; fileRef = FD531E0E2605E94D0007F59E /* CommentTableViewCell.swift */; };
		FD531E112605E94D0007F59E /* CommentTableViewCell.xib in Resources */ = {isa = PBXBuildFile; fileRef = FD531E0F2605E94D0007F59E /* CommentTableViewCell.xib */; };
		FD531E152605E95A0007F59E /* VideoTableViewCell.swift in Sources */ = {isa = PBXBuildFile; fileRef = FD531E132605E95A0007F59E /* VideoTableViewCell.swift */; };
		FD531E162605E95A0007F59E /* VideoTableViewCell.xib in Resources */ = {isa = PBXBuildFile; fileRef = FD531E142605E95A0007F59E /* VideoTableViewCell.xib */; };
		FD531E1A2605E96C0007F59E /* CreditsTableViewCell.swift in Sources */ = {isa = PBXBuildFile; fileRef = FD531E182605E96C0007F59E /* CreditsTableViewCell.swift */; };
		FD531E1B2605E96C0007F59E /* CreditsTableViewCell.xib in Resources */ = {isa = PBXBuildFile; fileRef = FD531E192605E96C0007F59E /* CreditsTableViewCell.xib */; };
		FD531E1F2605E97B0007F59E /* YourRateTableViewCell.swift in Sources */ = {isa = PBXBuildFile; fileRef = FD531E1D2605E97B0007F59E /* YourRateTableViewCell.swift */; };
		FD531E202605E97B0007F59E /* YourRateTableViewCell.xib in Resources */ = {isa = PBXBuildFile; fileRef = FD531E1E2605E97B0007F59E /* YourRateTableViewCell.xib */; };
		FD531E242605E98B0007F59E /* InfoTableViewCell.swift in Sources */ = {isa = PBXBuildFile; fileRef = FD531E222605E98B0007F59E /* InfoTableViewCell.swift */; };
		FD531E252605E98B0007F59E /* InfoTableViewCell.xib in Resources */ = {isa = PBXBuildFile; fileRef = FD531E232605E98B0007F59E /* InfoTableViewCell.xib */; };
		FD531E382605F0A90007F59E /* DetailsRecommendationTableViewCell.swift in Sources */ = {isa = PBXBuildFile; fileRef = FD531E362605F0A90007F59E /* DetailsRecommendationTableViewCell.swift */; };
		FD531E392605F0A90007F59E /* DetailsRecommendationTableViewCell.xib in Resources */ = {isa = PBXBuildFile; fileRef = FD531E372605F0A90007F59E /* DetailsRecommendationTableViewCell.xib */; };
		FD531E4226076FA00007F59E /* DetailsSeriesViewItemCollectionViewCell.swift in Sources */ = {isa = PBXBuildFile; fileRef = FD531E4026076F9F0007F59E /* DetailsSeriesViewItemCollectionViewCell.swift */; };
		FD531E4326076FA00007F59E /* DetailsSeriesViewItemCollectionViewCell.xib in Resources */ = {isa = PBXBuildFile; fileRef = FD531E4126076F9F0007F59E /* DetailsSeriesViewItemCollectionViewCell.xib */; };
		FD531E47260770DC0007F59E /* DetailsVideoViewItemCollectionViewCell.swift in Sources */ = {isa = PBXBuildFile; fileRef = FD531E45260770DC0007F59E /* DetailsVideoViewItemCollectionViewCell.swift */; };
		FD531E48260770DC0007F59E /* DetailsVideoViewItemCollectionViewCell.xib in Resources */ = {isa = PBXBuildFile; fileRef = FD531E46260770DC0007F59E /* DetailsVideoViewItemCollectionViewCell.xib */; };
		FD531E4C260771760007F59E /* DetailsRecommendationCollectionViewCell.swift in Sources */ = {isa = PBXBuildFile; fileRef = FD531E4A260771760007F59E /* DetailsRecommendationCollectionViewCell.swift */; };
		FD531E4D260771760007F59E /* DetailsRecommendationCollectionViewCell.xib in Resources */ = {isa = PBXBuildFile; fileRef = FD531E4B260771760007F59E /* DetailsRecommendationCollectionViewCell.xib */; };
		FD531E532607954B0007F59E /* BuyEntity.swift in Sources */ = {isa = PBXBuildFile; fileRef = FD531E522607954B0007F59E /* BuyEntity.swift */; };
		FD531E57260795EA0007F59E /* UsEntity.swift in Sources */ = {isa = PBXBuildFile; fileRef = FD531E56260795EA0007F59E /* UsEntity.swift */; };
		FD531E5B260799940007F59E /* WatchProviderEntity.swift in Sources */ = {isa = PBXBuildFile; fileRef = FD531E5A260799940007F59E /* WatchProviderEntity.swift */; };
		FD531E602608F2CE0007F59E /* TagViewItem.swift in Sources */ = {isa = PBXBuildFile; fileRef = FD531E5F2608F2CE0007F59E /* TagViewItem.swift */; };
		FD531E642608F2DF0007F59E /* TagViewItem.xib in Resources */ = {isa = PBXBuildFile; fileRef = FD531E632608F2DF0007F59E /* TagViewItem.xib */; };
		FD617E112611BFA200581038 /* DetailsHeaderView.swift in Sources */ = {isa = PBXBuildFile; fileRef = FD617E102611BFA200581038 /* DetailsHeaderView.swift */; };
		FD617E192611BFBC00581038 /* DetailsHeaderView.xib in Resources */ = {isa = PBXBuildFile; fileRef = FD617E182611BFBC00581038 /* DetailsHeaderView.xib */; };
		FD71A22F26004B2300D91539 /* BindableType.swift in Sources */ = {isa = PBXBuildFile; fileRef = FD71A22E26004B2300D91539 /* BindableType.swift */; };
		FD71A2512600810C00D91539 /* Navigation+Extension.swift in Sources */ = {isa = PBXBuildFile; fileRef = FD71A2502600810C00D91539 /* Navigation+Extension.swift */; };
		FD71A295260110A300D91539 /* CategoryCollectionViewCell.swift in Sources */ = {isa = PBXBuildFile; fileRef = FD71A293260110A300D91539 /* CategoryCollectionViewCell.swift */; };
		FD71A296260110A300D91539 /* CategoryCollectionViewCell.xib in Resources */ = {isa = PBXBuildFile; fileRef = FD71A294260110A300D91539 /* CategoryCollectionViewCell.xib */; };
		FD97BB6925FCCB6700D37E00 /* NetworkError.swift in Sources */ = {isa = PBXBuildFile; fileRef = FD97BB6825FCCB6700D37E00 /* NetworkError.swift */; };
		FD97BB7425FD265E00D37E00 /* PresistanceService.swift in Sources */ = {isa = PBXBuildFile; fileRef = FD97BB7325FD265E00D37E00 /* PresistanceService.swift */; };
		FDB0BCD1260A227200EAC6FD /* HomeUseCase.swift in Sources */ = {isa = PBXBuildFile; fileRef = FDB0BCD0260A227200EAC6FD /* HomeUseCase.swift */; };
		FDB0BCD7260A22CA00EAC6FD /* DetailsUseCase.swift in Sources */ = {isa = PBXBuildFile; fileRef = FDB0BCD6260A22CA00EAC6FD /* DetailsUseCase.swift */; };
		FDB0BCDF260A261900EAC6FD /* HomeRepository.swift in Sources */ = {isa = PBXBuildFile; fileRef = FDB0BCDE260A261900EAC6FD /* HomeRepository.swift */; };
		FDB0BCE2260A262700EAC6FD /* DetailsRepository.swift in Sources */ = {isa = PBXBuildFile; fileRef = FDB0BCE1260A262700EAC6FD /* DetailsRepository.swift */; };
		FDB0BCE5260A263A00EAC6FD /* HomeRepositoryImpl.swift in Sources */ = {isa = PBXBuildFile; fileRef = FDB0BCE4260A263A00EAC6FD /* HomeRepositoryImpl.swift */; };
		FDB0BCE8260A264500EAC6FD /* DetailsRepositoryImpl.swift in Sources */ = {isa = PBXBuildFile; fileRef = FDB0BCE7260A264500EAC6FD /* DetailsRepositoryImpl.swift */; };
		FDB0BCEB260A410200EAC6FD /* TrendingEntity.swift in Sources */ = {isa = PBXBuildFile; fileRef = FDB0BCEA260A410200EAC6FD /* TrendingEntity.swift */; };
		FDB0BCEE260A42AE00EAC6FD /* HomeRemote.swift in Sources */ = {isa = PBXBuildFile; fileRef = FDB0BCED260A42AE00EAC6FD /* HomeRemote.swift */; };
		FDB0BCF1260A42B900EAC6FD /* DetailsRemote.swift in Sources */ = {isa = PBXBuildFile; fileRef = FDB0BCF0260A42B900EAC6FD /* DetailsRemote.swift */; };
		FDB0BCF4260A42C500EAC6FD /* HomeLocal.swift in Sources */ = {isa = PBXBuildFile; fileRef = FDB0BCF3260A42C500EAC6FD /* HomeLocal.swift */; };
		FDB0BCF7260A42D000EAC6FD /* DetailsLocal.swift in Sources */ = {isa = PBXBuildFile; fileRef = FDB0BCF6260A42D000EAC6FD /* DetailsLocal.swift */; };
		FDB0BCFD260A493C00EAC6FD /* Model.swift in Sources */ = {isa = PBXBuildFile; fileRef = FDB0BCFC260A493C00EAC6FD /* Model.swift */; };
		FDB0BD09260A5EBF00EAC6FD /* KarrosTechTests.swift in Sources */ = {isa = PBXBuildFile; fileRef = FDB0BD08260A5EBF00EAC6FD /* KarrosTechTests.swift */; };
		FDB5B2AF2601D48000594057 /* ReachedScroll.swift in Sources */ = {isa = PBXBuildFile; fileRef = FDB5B2AE2601D48000594057 /* ReachedScroll.swift */; };
		FDB5B2C12603A66000594057 /* Utils+Extension.swift in Sources */ = {isa = PBXBuildFile; fileRef = FDB5B2C02603A66000594057 /* Utils+Extension.swift */; };
		FDF12C3125FC60F800136287 /* DetailsViewModel.swift in Sources */ = {isa = PBXBuildFile; fileRef = FDF12C3025FC60F800136287 /* DetailsViewModel.swift */; };
		FDF12C3425FC610500136287 /* HomeViewModel.swift in Sources */ = {isa = PBXBuildFile; fileRef = FDF12C3325FC610500136287 /* HomeViewModel.swift */; };
		FDF12C4E25FC8CFF00136287 /* HeaderSectionView.swift in Sources */ = {isa = PBXBuildFile; fileRef = FDF12C4D25FC8CFF00136287 /* HeaderSectionView.swift */; };
		FDF12C5125FC8D0F00136287 /* HeaderSectionView.xib in Resources */ = {isa = PBXBuildFile; fileRef = FDF12C5025FC8D0F00136287 /* HeaderSectionView.xib */; };
		FDF12C5425FCA31300136287 /* NetworkService.swift in Sources */ = {isa = PBXBuildFile; fileRef = FDF12C5325FCA31300136287 /* NetworkService.swift */; };
		FDF12C7225FCA92600136287 /* Results.swift in Sources */ = {isa = PBXBuildFile; fileRef = FDF12C7125FCA92600136287 /* Results.swift */; };
		FDF12C7625FCA95000136287 /* PopularEntity.swift in Sources */ = {isa = PBXBuildFile; fileRef = FDF12C7525FCA95000136287 /* PopularEntity.swift */; };
		FDF12C8325FCAD2300136287 /* DatesEntity.swift in Sources */ = {isa = PBXBuildFile; fileRef = FDF12C8225FCAD2300136287 /* DatesEntity.swift */; };
		FDF12C8925FCAD8500136287 /* UpcomingEntity.swift in Sources */ = {isa = PBXBuildFile; fileRef = FDF12C8825FCAD8500136287 /* UpcomingEntity.swift */; };
		FDF12C8C25FCAF5700136287 /* TopRatedEntity.swift in Sources */ = {isa = PBXBuildFile; fileRef = FDF12C8B25FCAF5700136287 /* TopRatedEntity.swift */; };
		FDF12C9025FCB59600136287 /* RecommendationEntity.swift in Sources */ = {isa = PBXBuildFile; fileRef = FDF12C8F25FCB59600136287 /* RecommendationEntity.swift */; };
		FDF12C9325FCB5EF00136287 /* Genres.swift in Sources */ = {isa = PBXBuildFile; fileRef = FDF12C9225FCB5EF00136287 /* Genres.swift */; };
		FDF12C9625FCB63D00136287 /* GenreEntity.swift in Sources */ = {isa = PBXBuildFile; fileRef = FDF12C9525FCB63D00136287 /* GenreEntity.swift */; };
/* End PBXBuildFile section */

/* Begin PBXContainerItemProxy section */
		FDB0BD0B260A5EBF00EAC6FD /* PBXContainerItemProxy */ = {
			isa = PBXContainerItemProxy;
			containerPortal = FD0D061325FB9EFE00A31015 /* Project object */;
			proxyType = 1;
			remoteGlobalIDString = FD0D061A25FB9EFE00A31015;
			remoteInfo = KarrosTech;
		};
/* End PBXContainerItemProxy section */

/* Begin PBXFileReference section */
		13621BEE1F4072C662C772C7 /* Pods-KarrosTechTests.release.xcconfig */ = {isa = PBXFileReference; includeInIndex = 1; lastKnownFileType = text.xcconfig; name = "Pods-KarrosTechTests.release.xcconfig"; path = "Target Support Files/Pods-KarrosTechTests/Pods-KarrosTechTests.release.xcconfig"; sourceTree = "<group>"; };
		334A8116485354E8459F3099 /* Pods-KarrosTechTests.debug.xcconfig */ = {isa = PBXFileReference; includeInIndex = 1; lastKnownFileType = text.xcconfig; name = "Pods-KarrosTechTests.debug.xcconfig"; path = "Target Support Files/Pods-KarrosTechTests/Pods-KarrosTechTests.debug.xcconfig"; sourceTree = "<group>"; };
		4F348519EB77D5F1CE552EA3 /* Pods-KarrosTech.release.xcconfig */ = {isa = PBXFileReference; includeInIndex = 1; lastKnownFileType = text.xcconfig; name = "Pods-KarrosTech.release.xcconfig"; path = "Target Support Files/Pods-KarrosTech/Pods-KarrosTech.release.xcconfig"; sourceTree = "<group>"; };
		69F2E07947816CEE9AB008EC /* libPods-KarrosTechTests.a */ = {isa = PBXFileReference; explicitFileType = archive.ar; includeInIndex = 0; path = "libPods-KarrosTechTests.a"; sourceTree = BUILT_PRODUCTS_DIR; };
		89CBD9BBA17FF2F27C23516C /* Pods_KarrosTech.framework */ = {isa = PBXFileReference; explicitFileType = wrapper.framework; includeInIndex = 0; path = Pods_KarrosTech.framework; sourceTree = BUILT_PRODUCTS_DIR; };
		DA866CA104B1A4BE56F91886 /* Pods-KarrosTech.debug.xcconfig */ = {isa = PBXFileReference; includeInIndex = 1; lastKnownFileType = text.xcconfig; name = "Pods-KarrosTech.debug.xcconfig"; path = "Target Support Files/Pods-KarrosTech/Pods-KarrosTech.debug.xcconfig"; sourceTree = "<group>"; };
		FD0D061B25FB9EFE00A31015 /* KarrosTech.app */ = {isa = PBXFileReference; explicitFileType = wrapper.application; includeInIndex = 0; path = KarrosTech.app; sourceTree = BUILT_PRODUCTS_DIR; };
		FD0D061E25FB9EFE00A31015 /* AppDelegate.swift */ = {isa = PBXFileReference; lastKnownFileType = sourcecode.swift; path = AppDelegate.swift; sourceTree = "<group>"; };
		FD0D062025FB9EFE00A31015 /* SceneDelegate.swift */ = {isa = PBXFileReference; lastKnownFileType = sourcecode.swift; path = SceneDelegate.swift; sourceTree = "<group>"; };
		FD0D062225FB9EFE00A31015 /* HomeViewController.swift */ = {isa = PBXFileReference; lastKnownFileType = sourcecode.swift; path = HomeViewController.swift; sourceTree = "<group>"; };
		FD0D062525FB9EFE00A31015 /* Base */ = {isa = PBXFileReference; lastKnownFileType = file.storyboard; name = Base; path = Base.lproj/Main.storyboard; sourceTree = "<group>"; };
		FD0D062725FB9F0100A31015 /* Assets.xcassets */ = {isa = PBXFileReference; lastKnownFileType = folder.assetcatalog; path = Assets.xcassets; sourceTree = "<group>"; };
		FD0D062A25FB9F0100A31015 /* Base */ = {isa = PBXFileReference; lastKnownFileType = file.storyboard; name = Base; path = Base.lproj/LaunchScreen.storyboard; sourceTree = "<group>"; };
		FD0D062C25FB9F0100A31015 /* Info.plist */ = {isa = PBXFileReference; lastKnownFileType = text.plist.xml; path = Info.plist; sourceTree = "<group>"; };
		FD0D063425FB9F5700A31015 /* DetailsViewController.swift */ = {isa = PBXFileReference; lastKnownFileType = sourcecode.swift; path = DetailsViewController.swift; sourceTree = "<group>"; };
		FD0D064525FBA34A00A31015 /* HeaderSectionViewable.swift */ = {isa = PBXFileReference; lastKnownFileType = sourcecode.swift; path = HeaderSectionViewable.swift; sourceTree = "<group>"; };
		FD0D066B25FBAC9D00A31015 /* RecommendationViewItem.swift */ = {isa = PBXFileReference; lastKnownFileType = sourcecode.swift; path = RecommendationViewItem.swift; sourceTree = "<group>"; };
		FD0D066E25FBACA900A31015 /* RecommendationViewItem.xib */ = {isa = PBXFileReference; lastKnownFileType = file.xib; path = RecommendationViewItem.xib; sourceTree = "<group>"; };
		FD0D067125FBACC800A31015 /* CommentViewItem.swift */ = {isa = PBXFileReference; lastKnownFileType = sourcecode.swift; path = CommentViewItem.swift; sourceTree = "<group>"; };
		FD0D067425FBACD200A31015 /* CommentViewItem.xib */ = {isa = PBXFileReference; lastKnownFileType = file.xib; path = CommentViewItem.xib; sourceTree = "<group>"; };
		FD0D067725FBACEE00A31015 /* VideoViewItem.swift */ = {isa = PBXFileReference; lastKnownFileType = sourcecode.swift; path = VideoViewItem.swift; sourceTree = "<group>"; };
		FD0D067B25FBACFA00A31015 /* VideoViewItem.xib */ = {isa = PBXFileReference; lastKnownFileType = file.xib; path = VideoViewItem.xib; sourceTree = "<group>"; };
		FD0D067E25FBAD1300A31015 /* SeriesViewItem.swift */ = {isa = PBXFileReference; lastKnownFileType = sourcecode.swift; path = SeriesViewItem.swift; sourceTree = "<group>"; };
		FD0D068125FBAD1F00A31015 /* SeriesViewItem.xib */ = {isa = PBXFileReference; lastKnownFileType = file.xib; path = SeriesViewItem.xib; sourceTree = "<group>"; };
		FD0D068425FBAD5300A31015 /* RateView.swift */ = {isa = PBXFileReference; lastKnownFileType = sourcecode.swift; path = RateView.swift; sourceTree = "<group>"; };
		FD0D068725FBAD5F00A31015 /* RateView.xib */ = {isa = PBXFileReference; lastKnownFileType = file.xib; path = RateView.xib; sourceTree = "<group>"; };
		FD0D068A25FBAD7300A31015 /* InfoView.swift */ = {isa = PBXFileReference; lastKnownFileType = sourcecode.swift; path = InfoView.swift; sourceTree = "<group>"; };
		FD0D068D25FBAD7F00A31015 /* InfoView.xib */ = {isa = PBXFileReference; lastKnownFileType = file.xib; path = InfoView.xib; sourceTree = "<group>"; };
		FD15EB7326047330005285D8 /* RecommendationTableViewCell.swift */ = {isa = PBXFileReference; lastKnownFileType = sourcecode.swift; path = RecommendationTableViewCell.swift; sourceTree = "<group>"; };
		FD15EB7426047330005285D8 /* RecommendationTableViewCell.xib */ = {isa = PBXFileReference; lastKnownFileType = file.xib; path = RecommendationTableViewCell.xib; sourceTree = "<group>"; };
		FD15EB7826047345005285D8 /* CategoryTableViewCell.swift */ = {isa = PBXFileReference; lastKnownFileType = sourcecode.swift; path = CategoryTableViewCell.swift; sourceTree = "<group>"; };
		FD15EB7926047345005285D8 /* CategoryTableViewCell.xib */ = {isa = PBXFileReference; lastKnownFileType = file.xib; path = CategoryTableViewCell.xib; sourceTree = "<group>"; };
		FD15EB7D26047362005285D8 /* PopularTableViewCell.swift */ = {isa = PBXFileReference; lastKnownFileType = sourcecode.swift; path = PopularTableViewCell.swift; sourceTree = "<group>"; };
		FD15EB7E26047362005285D8 /* PopularTableViewCell.xib */ = {isa = PBXFileReference; lastKnownFileType = file.xib; path = PopularTableViewCell.xib; sourceTree = "<group>"; };
		FD15EB8226047371005285D8 /* TopRatedTableViewCell.swift */ = {isa = PBXFileReference; lastKnownFileType = sourcecode.swift; path = TopRatedTableViewCell.swift; sourceTree = "<group>"; };
		FD15EB8326047371005285D8 /* TopRatedTableViewCell.xib */ = {isa = PBXFileReference; lastKnownFileType = file.xib; path = TopRatedTableViewCell.xib; sourceTree = "<group>"; };
		FD15EB8726047384005285D8 /* UpcomingTableViewCell.swift */ = {isa = PBXFileReference; lastKnownFileType = sourcecode.swift; path = UpcomingTableViewCell.swift; sourceTree = "<group>"; };
		FD15EB8826047384005285D8 /* UpcomingTableViewCell.xib */ = {isa = PBXFileReference; lastKnownFileType = file.xib; path = UpcomingTableViewCell.xib; sourceTree = "<group>"; };
		FD15EB9B26048E88005285D8 /* RecommendationCollectionViewCell.swift */ = {isa = PBXFileReference; lastKnownFileType = sourcecode.swift; path = RecommendationCollectionViewCell.swift; sourceTree = "<group>"; };
		FD15EB9C26048E88005285D8 /* RecommendationCollectionViewCell.xib */ = {isa = PBXFileReference; lastKnownFileType = file.xib; path = RecommendationCollectionViewCell.xib; sourceTree = "<group>"; };
		FD15EBA826048EEF005285D8 /* PopularCollectionViewCell.swift */ = {isa = PBXFileReference; lastKnownFileType = sourcecode.swift; path = PopularCollectionViewCell.swift; sourceTree = "<group>"; };
		FD15EBA926048EEF005285D8 /* PopularCollectionViewCell.xib */ = {isa = PBXFileReference; lastKnownFileType = file.xib; path = PopularCollectionViewCell.xib; sourceTree = "<group>"; };
		FD15EBAE26048EFD005285D8 /* TopRatedCollectionViewCell.swift */ = {isa = PBXFileReference; lastKnownFileType = sourcecode.swift; path = TopRatedCollectionViewCell.swift; sourceTree = "<group>"; };
		FD15EBAF26048EFD005285D8 /* TopRatedCollectionViewCell.xib */ = {isa = PBXFileReference; lastKnownFileType = file.xib; path = TopRatedCollectionViewCell.xib; sourceTree = "<group>"; };
		FD15EBB326048F0F005285D8 /* UpcomingCollectionViewCell.swift */ = {isa = PBXFileReference; lastKnownFileType = sourcecode.swift; path = UpcomingCollectionViewCell.swift; sourceTree = "<group>"; };
		FD15EBB426048F0F005285D8 /* UpcomingCollectionViewCell.xib */ = {isa = PBXFileReference; lastKnownFileType = file.xib; path = UpcomingCollectionViewCell.xib; sourceTree = "<group>"; };
		FD15EBB926048FC2005285D8 /* TypeView.swift */ = {isa = PBXFileReference; lastKnownFileType = sourcecode.swift; path = TypeView.swift; sourceTree = "<group>"; };
		FD15EBBC26048FCE005285D8 /* TypeView.xib */ = {isa = PBXFileReference; lastKnownFileType = file.xib; path = TypeView.xib; sourceTree = "<group>"; };
		FD1D85A32610503D00052AE1 /* RelativeDatetime.swift */ = {isa = PBXFileReference; lastKnownFileType = sourcecode.swift; path = RelativeDatetime.swift; sourceTree = "<group>"; };
		FD52767525FDE4A800839EB9 /* SpokenLanguageEntity.swift */ = {isa = PBXFileReference; lastKnownFileType = sourcecode.swift; path = SpokenLanguageEntity.swift; sourceTree = "<group>"; };
		FD52767825FDE4CC00839EB9 /* ProductionCountryEntity.swift */ = {isa = PBXFileReference; lastKnownFileType = sourcecode.swift; path = ProductionCountryEntity.swift; sourceTree = "<group>"; };
		FD52767B25FDE4E600839EB9 /* ProductionCompanyEntity.swift */ = {isa = PBXFileReference; lastKnownFileType = sourcecode.swift; path = ProductionCompanyEntity.swift; sourceTree = "<group>"; };
		FD52767F25FDE63800839EB9 /* BelongsToCollectionEntity.swift */ = {isa = PBXFileReference; lastKnownFileType = sourcecode.swift; path = BelongsToCollectionEntity.swift; sourceTree = "<group>"; };
		FD52768525FDE6E700839EB9 /* MovieDetailsEntity.swift */ = {isa = PBXFileReference; lastKnownFileType = sourcecode.swift; path = MovieDetailsEntity.swift; sourceTree = "<group>"; };
		FD52768825FE748A00839EB9 /* AuthorDetailsEntity.swift */ = {isa = PBXFileReference; lastKnownFileType = sourcecode.swift; path = AuthorDetailsEntity.swift; sourceTree = "<group>"; };
		FD52768B25FE74AB00839EB9 /* ResultEntity.swift */ = {isa = PBXFileReference; lastKnownFileType = sourcecode.swift; path = ResultEntity.swift; sourceTree = "<group>"; };
		FD52768F25FEFBD700839EB9 /* VideoEntity.swift */ = {isa = PBXFileReference; lastKnownFileType = sourcecode.swift; path = VideoEntity.swift; sourceTree = "<group>"; };
		FD5276D425FF773600839EB9 /* HomeSectionData.swift */ = {isa = PBXFileReference; lastKnownFileType = sourcecode.swift; path = HomeSectionData.swift; sourceTree = "<group>"; };
		FD5276D825FFADE700839EB9 /* HomeNavigator.swift */ = {isa = PBXFileReference; lastKnownFileType = sourcecode.swift; path = HomeNavigator.swift; sourceTree = "<group>"; };
		FD531DED2605A9BD0007F59E /* ReviewEntity.swift */ = {isa = PBXFileReference; lastKnownFileType = sourcecode.swift; path = ReviewEntity.swift; sourceTree = "<group>"; };
		FD531DF22605BDD20007F59E /* DetailsSectionData.swift */ = {isa = PBXFileReference; lastKnownFileType = sourcecode.swift; path = DetailsSectionData.swift; sourceTree = "<group>"; };
		FD531DF52605CE900007F59E /* YourRateEntity.swift */ = {isa = PBXFileReference; lastKnownFileType = sourcecode.swift; path = YourRateEntity.swift; sourceTree = "<group>"; };
		FD531DF92605CF750007F59E /* CreditsEntity.swift */ = {isa = PBXFileReference; lastKnownFileType = sourcecode.swift; path = CreditsEntity.swift; sourceTree = "<group>"; };
		FD531DFD2605D16A0007F59E /* Typealias.swift */ = {isa = PBXFileReference; lastKnownFileType = sourcecode.swift; path = Typealias.swift; sourceTree = "<group>"; };
		FD531E0E2605E94D0007F59E /* CommentTableViewCell.swift */ = {isa = PBXFileReference; lastKnownFileType = sourcecode.swift; path = CommentTableViewCell.swift; sourceTree = "<group>"; };
		FD531E0F2605E94D0007F59E /* CommentTableViewCell.xib */ = {isa = PBXFileReference; lastKnownFileType = file.xib; path = CommentTableViewCell.xib; sourceTree = "<group>"; };
		FD531E132605E95A0007F59E /* VideoTableViewCell.swift */ = {isa = PBXFileReference; lastKnownFileType = sourcecode.swift; path = VideoTableViewCell.swift; sourceTree = "<group>"; };
		FD531E142605E95A0007F59E /* VideoTableViewCell.xib */ = {isa = PBXFileReference; lastKnownFileType = file.xib; path = VideoTableViewCell.xib; sourceTree = "<group>"; };
		FD531E182605E96C0007F59E /* CreditsTableViewCell.swift */ = {isa = PBXFileReference; lastKnownFileType = sourcecode.swift; path = CreditsTableViewCell.swift; sourceTree = "<group>"; };
		FD531E192605E96C0007F59E /* CreditsTableViewCell.xib */ = {isa = PBXFileReference; lastKnownFileType = file.xib; path = CreditsTableViewCell.xib; sourceTree = "<group>"; };
		FD531E1D2605E97B0007F59E /* YourRateTableViewCell.swift */ = {isa = PBXFileReference; lastKnownFileType = sourcecode.swift; path = YourRateTableViewCell.swift; sourceTree = "<group>"; };
		FD531E1E2605E97B0007F59E /* YourRateTableViewCell.xib */ = {isa = PBXFileReference; lastKnownFileType = file.xib; path = YourRateTableViewCell.xib; sourceTree = "<group>"; };
		FD531E222605E98B0007F59E /* InfoTableViewCell.swift */ = {isa = PBXFileReference; lastKnownFileType = sourcecode.swift; path = InfoTableViewCell.swift; sourceTree = "<group>"; };
		FD531E232605E98B0007F59E /* InfoTableViewCell.xib */ = {isa = PBXFileReference; lastKnownFileType = file.xib; path = InfoTableViewCell.xib; sourceTree = "<group>"; };
		FD531E362605F0A90007F59E /* DetailsRecommendationTableViewCell.swift */ = {isa = PBXFileReference; lastKnownFileType = sourcecode.swift; path = DetailsRecommendationTableViewCell.swift; sourceTree = "<group>"; };
		FD531E372605F0A90007F59E /* DetailsRecommendationTableViewCell.xib */ = {isa = PBXFileReference; lastKnownFileType = file.xib; path = DetailsRecommendationTableViewCell.xib; sourceTree = "<group>"; };
		FD531E4026076F9F0007F59E /* DetailsSeriesViewItemCollectionViewCell.swift */ = {isa = PBXFileReference; lastKnownFileType = sourcecode.swift; path = DetailsSeriesViewItemCollectionViewCell.swift; sourceTree = "<group>"; };
		FD531E4126076F9F0007F59E /* DetailsSeriesViewItemCollectionViewCell.xib */ = {isa = PBXFileReference; lastKnownFileType = file.xib; path = DetailsSeriesViewItemCollectionViewCell.xib; sourceTree = "<group>"; };
		FD531E45260770DC0007F59E /* DetailsVideoViewItemCollectionViewCell.swift */ = {isa = PBXFileReference; lastKnownFileType = sourcecode.swift; path = DetailsVideoViewItemCollectionViewCell.swift; sourceTree = "<group>"; };
		FD531E46260770DC0007F59E /* DetailsVideoViewItemCollectionViewCell.xib */ = {isa = PBXFileReference; lastKnownFileType = file.xib; path = DetailsVideoViewItemCollectionViewCell.xib; sourceTree = "<group>"; };
		FD531E4A260771760007F59E /* DetailsRecommendationCollectionViewCell.swift */ = {isa = PBXFileReference; lastKnownFileType = sourcecode.swift; path = DetailsRecommendationCollectionViewCell.swift; sourceTree = "<group>"; };
		FD531E4B260771760007F59E /* DetailsRecommendationCollectionViewCell.xib */ = {isa = PBXFileReference; lastKnownFileType = file.xib; path = DetailsRecommendationCollectionViewCell.xib; sourceTree = "<group>"; };
		FD531E522607954B0007F59E /* BuyEntity.swift */ = {isa = PBXFileReference; lastKnownFileType = sourcecode.swift; path = BuyEntity.swift; sourceTree = "<group>"; };
		FD531E56260795EA0007F59E /* UsEntity.swift */ = {isa = PBXFileReference; lastKnownFileType = sourcecode.swift; path = UsEntity.swift; sourceTree = "<group>"; };
		FD531E5A260799940007F59E /* WatchProviderEntity.swift */ = {isa = PBXFileReference; lastKnownFileType = sourcecode.swift; path = WatchProviderEntity.swift; sourceTree = "<group>"; };
		FD531E5F2608F2CE0007F59E /* TagViewItem.swift */ = {isa = PBXFileReference; lastKnownFileType = sourcecode.swift; path = TagViewItem.swift; sourceTree = "<group>"; };
		FD531E632608F2DF0007F59E /* TagViewItem.xib */ = {isa = PBXFileReference; lastKnownFileType = file.xib; path = TagViewItem.xib; sourceTree = "<group>"; };
		FD617E102611BFA200581038 /* DetailsHeaderView.swift */ = {isa = PBXFileReference; lastKnownFileType = sourcecode.swift; path = DetailsHeaderView.swift; sourceTree = "<group>"; };
		FD617E182611BFBC00581038 /* DetailsHeaderView.xib */ = {isa = PBXFileReference; lastKnownFileType = file.xib; path = DetailsHeaderView.xib; sourceTree = "<group>"; };
		FD71A22E26004B2300D91539 /* BindableType.swift */ = {isa = PBXFileReference; lastKnownFileType = sourcecode.swift; path = BindableType.swift; sourceTree = "<group>"; };
		FD71A2502600810C00D91539 /* Navigation+Extension.swift */ = {isa = PBXFileReference; lastKnownFileType = sourcecode.swift; path = "Navigation+Extension.swift"; sourceTree = "<group>"; };
		FD71A293260110A300D91539 /* CategoryCollectionViewCell.swift */ = {isa = PBXFileReference; lastKnownFileType = sourcecode.swift; path = CategoryCollectionViewCell.swift; sourceTree = "<group>"; };
		FD71A294260110A300D91539 /* CategoryCollectionViewCell.xib */ = {isa = PBXFileReference; lastKnownFileType = file.xib; path = CategoryCollectionViewCell.xib; sourceTree = "<group>"; };
		FD97BB6825FCCB6700D37E00 /* NetworkError.swift */ = {isa = PBXFileReference; lastKnownFileType = sourcecode.swift; path = NetworkError.swift; sourceTree = "<group>"; };
		FD97BB7325FD265E00D37E00 /* PresistanceService.swift */ = {isa = PBXFileReference; lastKnownFileType = sourcecode.swift; path = PresistanceService.swift; sourceTree = "<group>"; };
		FDB0BCD0260A227200EAC6FD /* HomeUseCase.swift */ = {isa = PBXFileReference; lastKnownFileType = sourcecode.swift; path = HomeUseCase.swift; sourceTree = "<group>"; };
		FDB0BCD6260A22CA00EAC6FD /* DetailsUseCase.swift */ = {isa = PBXFileReference; lastKnownFileType = sourcecode.swift; path = DetailsUseCase.swift; sourceTree = "<group>"; };
		FDB0BCDE260A261900EAC6FD /* HomeRepository.swift */ = {isa = PBXFileReference; lastKnownFileType = sourcecode.swift; path = HomeRepository.swift; sourceTree = "<group>"; };
		FDB0BCE1260A262700EAC6FD /* DetailsRepository.swift */ = {isa = PBXFileReference; lastKnownFileType = sourcecode.swift; path = DetailsRepository.swift; sourceTree = "<group>"; };
		FDB0BCE4260A263A00EAC6FD /* HomeRepositoryImpl.swift */ = {isa = PBXFileReference; lastKnownFileType = sourcecode.swift; path = HomeRepositoryImpl.swift; sourceTree = "<group>"; };
		FDB0BCE7260A264500EAC6FD /* DetailsRepositoryImpl.swift */ = {isa = PBXFileReference; lastKnownFileType = sourcecode.swift; path = DetailsRepositoryImpl.swift; sourceTree = "<group>"; };
		FDB0BCEA260A410200EAC6FD /* TrendingEntity.swift */ = {isa = PBXFileReference; lastKnownFileType = sourcecode.swift; path = TrendingEntity.swift; sourceTree = "<group>"; };
		FDB0BCED260A42AE00EAC6FD /* HomeRemote.swift */ = {isa = PBXFileReference; lastKnownFileType = sourcecode.swift; path = HomeRemote.swift; sourceTree = "<group>"; };
		FDB0BCF0260A42B900EAC6FD /* DetailsRemote.swift */ = {isa = PBXFileReference; lastKnownFileType = sourcecode.swift; path = DetailsRemote.swift; sourceTree = "<group>"; };
		FDB0BCF3260A42C500EAC6FD /* HomeLocal.swift */ = {isa = PBXFileReference; lastKnownFileType = sourcecode.swift; path = HomeLocal.swift; sourceTree = "<group>"; };
		FDB0BCF6260A42D000EAC6FD /* DetailsLocal.swift */ = {isa = PBXFileReference; lastKnownFileType = sourcecode.swift; path = DetailsLocal.swift; sourceTree = "<group>"; };
		FDB0BCFC260A493C00EAC6FD /* Model.swift */ = {isa = PBXFileReference; lastKnownFileType = sourcecode.swift; path = Model.swift; sourceTree = "<group>"; };
		FDB0BD06260A5EBF00EAC6FD /* KarrosTechTests.xctest */ = {isa = PBXFileReference; explicitFileType = wrapper.cfbundle; includeInIndex = 0; path = KarrosTechTests.xctest; sourceTree = BUILT_PRODUCTS_DIR; };
		FDB0BD08260A5EBF00EAC6FD /* KarrosTechTests.swift */ = {isa = PBXFileReference; lastKnownFileType = sourcecode.swift; path = KarrosTechTests.swift; sourceTree = "<group>"; };
		FDB0BD0A260A5EBF00EAC6FD /* Info.plist */ = {isa = PBXFileReference; lastKnownFileType = text.plist.xml; path = Info.plist; sourceTree = "<group>"; };
		FDB5B2AE2601D48000594057 /* ReachedScroll.swift */ = {isa = PBXFileReference; lastKnownFileType = sourcecode.swift; path = ReachedScroll.swift; sourceTree = "<group>"; };
		FDB5B2C02603A66000594057 /* Utils+Extension.swift */ = {isa = PBXFileReference; lastKnownFileType = sourcecode.swift; path = "Utils+Extension.swift"; sourceTree = "<group>"; };
		FDF12C3025FC60F800136287 /* DetailsViewModel.swift */ = {isa = PBXFileReference; lastKnownFileType = sourcecode.swift; path = DetailsViewModel.swift; sourceTree = "<group>"; };
		FDF12C3325FC610500136287 /* HomeViewModel.swift */ = {isa = PBXFileReference; lastKnownFileType = sourcecode.swift; path = HomeViewModel.swift; sourceTree = "<group>"; };
		FDF12C4D25FC8CFF00136287 /* HeaderSectionView.swift */ = {isa = PBXFileReference; lastKnownFileType = sourcecode.swift; path = HeaderSectionView.swift; sourceTree = "<group>"; };
		FDF12C5025FC8D0F00136287 /* HeaderSectionView.xib */ = {isa = PBXFileReference; lastKnownFileType = file.xib; path = HeaderSectionView.xib; sourceTree = "<group>"; };
		FDF12C5325FCA31300136287 /* NetworkService.swift */ = {isa = PBXFileReference; lastKnownFileType = sourcecode.swift; path = NetworkService.swift; sourceTree = "<group>"; };
		FDF12C7125FCA92600136287 /* Results.swift */ = {isa = PBXFileReference; lastKnownFileType = sourcecode.swift; path = Results.swift; sourceTree = "<group>"; };
		FDF12C7525FCA95000136287 /* PopularEntity.swift */ = {isa = PBXFileReference; lastKnownFileType = sourcecode.swift; path = PopularEntity.swift; sourceTree = "<group>"; };
		FDF12C8225FCAD2300136287 /* DatesEntity.swift */ = {isa = PBXFileReference; lastKnownFileType = sourcecode.swift; path = DatesEntity.swift; sourceTree = "<group>"; };
		FDF12C8825FCAD8500136287 /* UpcomingEntity.swift */ = {isa = PBXFileReference; lastKnownFileType = sourcecode.swift; path = UpcomingEntity.swift; sourceTree = "<group>"; };
		FDF12C8B25FCAF5700136287 /* TopRatedEntity.swift */ = {isa = PBXFileReference; lastKnownFileType = sourcecode.swift; path = TopRatedEntity.swift; sourceTree = "<group>"; };
		FDF12C8F25FCB59600136287 /* RecommendationEntity.swift */ = {isa = PBXFileReference; lastKnownFileType = sourcecode.swift; path = RecommendationEntity.swift; sourceTree = "<group>"; };
		FDF12C9225FCB5EF00136287 /* Genres.swift */ = {isa = PBXFileReference; lastKnownFileType = sourcecode.swift; path = Genres.swift; sourceTree = "<group>"; };
		FDF12C9525FCB63D00136287 /* GenreEntity.swift */ = {isa = PBXFileReference; lastKnownFileType = sourcecode.swift; path = GenreEntity.swift; sourceTree = "<group>"; };
/* End PBXFileReference section */

/* Begin PBXFrameworksBuildPhase section */
		FD0D061825FB9EFE00A31015 /* Frameworks */ = {
			isa = PBXFrameworksBuildPhase;
			buildActionMask = 2147483647;
			files = (
				D23741DE442F2B7E51AD2A04 /* Pods_KarrosTech.framework in Frameworks */,
			);
			runOnlyForDeploymentPostprocessing = 0;
		};
		FDB0BD03260A5EBF00EAC6FD /* Frameworks */ = {
			isa = PBXFrameworksBuildPhase;
			buildActionMask = 2147483647;
			files = (
				A8D8151947B397B646F5B804 /* libPods-KarrosTechTests.a in Frameworks */,
			);
			runOnlyForDeploymentPostprocessing = 0;
		};
/* End PBXFrameworksBuildPhase section */

/* Begin PBXGroup section */
		292D245689FCF6C04FE04C78 /* Pods */ = {
			isa = PBXGroup;
			children = (
				DA866CA104B1A4BE56F91886 /* Pods-KarrosTech.debug.xcconfig */,
				4F348519EB77D5F1CE552EA3 /* Pods-KarrosTech.release.xcconfig */,
				334A8116485354E8459F3099 /* Pods-KarrosTechTests.debug.xcconfig */,
				13621BEE1F4072C662C772C7 /* Pods-KarrosTechTests.release.xcconfig */,
			);
			path = Pods;
			sourceTree = "<group>";
		};
		B0E71F0681CE2226A3A5B78D /* Frameworks */ = {
			isa = PBXGroup;
			children = (
				89CBD9BBA17FF2F27C23516C /* Pods_KarrosTech.framework */,
				69F2E07947816CEE9AB008EC /* libPods-KarrosTechTests.a */,
			);
			name = Frameworks;
			sourceTree = "<group>";
		};
		FD0D061225FB9EFE00A31015 = {
			isa = PBXGroup;
			children = (
				FD0D061D25FB9EFE00A31015 /* KarrosTech */,
				FDB0BD07260A5EBF00EAC6FD /* KarrosTechTests */,
				FD0D061C25FB9EFE00A31015 /* Products */,
				292D245689FCF6C04FE04C78 /* Pods */,
				B0E71F0681CE2226A3A5B78D /* Frameworks */,
			);
			sourceTree = "<group>";
		};
		FD0D061C25FB9EFE00A31015 /* Products */ = {
			isa = PBXGroup;
			children = (
				FD0D061B25FB9EFE00A31015 /* KarrosTech.app */,
				FDB0BD06260A5EBF00EAC6FD /* KarrosTechTests.xctest */,
			);
			name = Products;
			sourceTree = "<group>";
		};
		FD0D061D25FB9EFE00A31015 /* KarrosTech */ = {
			isa = PBXGroup;
			children = (
				FDB0BCD9260A239A00EAC6FD /* Services */,
				FD97BB7925FDDEFD00D37E00 /* Data */,
				FD97BB7825FDDEF300D37E00 /* Domain */,
				FDF12C6F25FCA83500136287 /* Presentation */,
				FD0D063D25FBA1E800A31015 /* Common */,
				FD0D063A25FB9FBF00A31015 /* Resources */,
				FD0D063925FB9FB000A31015 /* Config */,
				FD0D062C25FB9F0100A31015 /* Info.plist */,
				FD0D062425FB9EFE00A31015 /* Main.storyboard */,
				FD0D062925FB9F0100A31015 /* LaunchScreen.storyboard */,
			);
			path = KarrosTech;
			sourceTree = "<group>";
		};
		FD0D063725FB9F5D00A31015 /* Home */ = {
			isa = PBXGroup;
			children = (
				FD5276D725FFADBE00839EB9 /* Navigator */,
				FD5276D325FF771F00839EB9 /* DataSource */,
				FDF12C2E25FC60C500136287 /* ViewModel */,
				FD0D064925FBA47E00A31015 /* View */,
				FD0D062225FB9EFE00A31015 /* HomeViewController.swift */,
			);
			path = Home;
			sourceTree = "<group>";
		};
		FD0D063825FB9F7C00A31015 /* Details */ = {
			isa = PBXGroup;
			children = (
				FD531DE826059CBE0007F59E /* DataSource */,
				FDF12C2F25FC60D000136287 /* ViewModel */,
				FD0D065F25FBAB7500A31015 /* View */,
				FD0D063425FB9F5700A31015 /* DetailsViewController.swift */,
			);
			path = Details;
			sourceTree = "<group>";
		};
		FD0D063925FB9FB000A31015 /* Config */ = {
			isa = PBXGroup;
			children = (
				FD0D061E25FB9EFE00A31015 /* AppDelegate.swift */,
				FD0D062025FB9EFE00A31015 /* SceneDelegate.swift */,
			);
			path = Config;
			sourceTree = "<group>";
		};
		FD0D063A25FB9FBF00A31015 /* Resources */ = {
			isa = PBXGroup;
			children = (
				FD0D062725FB9F0100A31015 /* Assets.xcassets */,
			);
			path = Resources;
			sourceTree = "<group>";
		};
		FD0D063D25FBA1E800A31015 /* Common */ = {
			isa = PBXGroup;
			children = (
				FD1D85A22610502A00052AE1 /* Date */,
				FD531DFC2605D1420007F59E /* Typealias */,
				FD71A24F260080E900D91539 /* Navigation */,
				FD0D063E25FBA2C200A31015 /* View */,
			);
			path = Common;
			sourceTree = "<group>";
		};
		FD0D063E25FBA2C200A31015 /* View */ = {
			isa = PBXGroup;
			children = (
				FDB5B2BF2603A64200594057 /* UIView+UIImageView */,
				FDB5B2AD2601D44D00594057 /* ReachedScroll */,
				FDF12C3925FC834200136287 /* HeaderSection */,
			);
			path = View;
			sourceTree = "<group>";
		};
		FD0D064925FBA47E00A31015 /* View */ = {
			isa = PBXGroup;
			children = (
				FD71A26B2600BDB100D91539 /* HomeCollectionViewCell */,
				FD71A25D26009E7C00D91539 /* HomeTableViewCell */,
			);
			path = View;
			sourceTree = "<group>";
		};
		FD0D065F25FBAB7500A31015 /* View */ = {
			isa = PBXGroup;
			children = (
				FD617E0F2611BF4100581038 /* HeaderView */,
				FD531E012605E2C30007F59E /* DetailsCollectionViewCell */,
				FD531E002605E2B50007F59E /* DetailsTableViewCell */,
				FD531E5E2608F2940007F59E /* TagView */,
				FD0D066525FBAC4800A31015 /* InfoView */,
				FD0D066425FBAC2800A31015 /* RateView */,
				FD0D066225FBABDC00A31015 /* SeriesView */,
				FD0D066325FBAC1D00A31015 /* VideoView */,
				FD0D066125FBABCB00A31015 /* CommentView */,
				FD0D066025FBAB9F00A31015 /* RecommendationView */,
			);
			path = View;
			sourceTree = "<group>";
		};
		FD0D066025FBAB9F00A31015 /* RecommendationView */ = {
			isa = PBXGroup;
			children = (
				FD0D066B25FBAC9D00A31015 /* RecommendationViewItem.swift */,
				FD0D066E25FBACA900A31015 /* RecommendationViewItem.xib */,
			);
			path = RecommendationView;
			sourceTree = "<group>";
		};
		FD0D066125FBABCB00A31015 /* CommentView */ = {
			isa = PBXGroup;
			children = (
				FD0D067125FBACC800A31015 /* CommentViewItem.swift */,
				FD0D067425FBACD200A31015 /* CommentViewItem.xib */,
			);
			path = CommentView;
			sourceTree = "<group>";
		};
		FD0D066225FBABDC00A31015 /* SeriesView */ = {
			isa = PBXGroup;
			children = (
				FD0D067E25FBAD1300A31015 /* SeriesViewItem.swift */,
				FD0D068125FBAD1F00A31015 /* SeriesViewItem.xib */,
			);
			path = SeriesView;
			sourceTree = "<group>";
		};
		FD0D066325FBAC1D00A31015 /* VideoView */ = {
			isa = PBXGroup;
			children = (
				FD0D067725FBACEE00A31015 /* VideoViewItem.swift */,
				FD0D067B25FBACFA00A31015 /* VideoViewItem.xib */,
			);
			path = VideoView;
			sourceTree = "<group>";
		};
		FD0D066425FBAC2800A31015 /* RateView */ = {
			isa = PBXGroup;
			children = (
				FD0D068425FBAD5300A31015 /* RateView.swift */,
				FD0D068725FBAD5F00A31015 /* RateView.xib */,
			);
			path = RateView;
			sourceTree = "<group>";
		};
		FD0D066525FBAC4800A31015 /* InfoView */ = {
			isa = PBXGroup;
			children = (
				FD0D068A25FBAD7300A31015 /* InfoView.swift */,
				FD0D068D25FBAD7F00A31015 /* InfoView.xib */,
			);
			path = InfoView;
			sourceTree = "<group>";
		};
		FD1D85A22610502A00052AE1 /* Date */ = {
			isa = PBXGroup;
			children = (
				FD1D85A32610503D00052AE1 /* RelativeDatetime.swift */,
			);
			path = Date;
			sourceTree = "<group>";
		};
		FD52768325FDE68500839EB9 /* Generic */ = {
			isa = PBXGroup;
			children = (
				FDF12C7125FCA92600136287 /* Results.swift */,
				FDF12C9225FCB5EF00136287 /* Genres.swift */,
			);
			path = Generic;
			sourceTree = "<group>";
		};
		FD5276D325FF771F00839EB9 /* DataSource */ = {
			isa = PBXGroup;
			children = (
				FD5276D425FF773600839EB9 /* HomeSectionData.swift */,
			);
			path = DataSource;
			sourceTree = "<group>";
		};
		FD5276D725FFADBE00839EB9 /* Navigator */ = {
			isa = PBXGroup;
			children = (
				FD5276D825FFADE700839EB9 /* HomeNavigator.swift */,
			);
			path = Navigator;
			sourceTree = "<group>";
		};
		FD531DE826059CBE0007F59E /* DataSource */ = {
			isa = PBXGroup;
			children = (
				FD531DF22605BDD20007F59E /* DetailsSectionData.swift */,
			);
			path = DataSource;
			sourceTree = "<group>";
		};
		FD531DFC2605D1420007F59E /* Typealias */ = {
			isa = PBXGroup;
			children = (
				FD531DFD2605D16A0007F59E /* Typealias.swift */,
			);
			path = Typealias;
			sourceTree = "<group>";
		};
		FD531E002605E2B50007F59E /* DetailsTableViewCell */ = {
			isa = PBXGroup;
			children = (
				FD531E072605E35F0007F59E /* DetailsRecommendationTableViewCell */,
				FD531E062605E34A0007F59E /* CommentTableViewCell */,
				FD531E052605E33D0007F59E /* VideoTableViewCell */,
				FD531E042605E31D0007F59E /* CreditsTableViewCell */,
				FD531E032605E3120007F59E /* YourRateTableViewCell */,
				FD531E022605E3030007F59E /* InfoTableViewCell */,
			);
			path = DetailsTableViewCell;
			sourceTree = "<group>";
		};
		FD531E012605E2C30007F59E /* DetailsCollectionViewCell */ = {
			isa = PBXGroup;
			children = (
				FD531E4026076F9F0007F59E /* DetailsSeriesViewItemCollectionViewCell.swift */,
				FD531E4126076F9F0007F59E /* DetailsSeriesViewItemCollectionViewCell.xib */,
				FD531E45260770DC0007F59E /* DetailsVideoViewItemCollectionViewCell.swift */,
				FD531E46260770DC0007F59E /* DetailsVideoViewItemCollectionViewCell.xib */,
				FD531E4A260771760007F59E /* DetailsRecommendationCollectionViewCell.swift */,
				FD531E4B260771760007F59E /* DetailsRecommendationCollectionViewCell.xib */,
			);
			path = DetailsCollectionViewCell;
			sourceTree = "<group>";
		};
		FD531E022605E3030007F59E /* InfoTableViewCell */ = {
			isa = PBXGroup;
			children = (
				FD531E222605E98B0007F59E /* InfoTableViewCell.swift */,
				FD531E232605E98B0007F59E /* InfoTableViewCell.xib */,
			);
			path = InfoTableViewCell;
			sourceTree = "<group>";
		};
		FD531E032605E3120007F59E /* YourRateTableViewCell */ = {
			isa = PBXGroup;
			children = (
				FD531E1D2605E97B0007F59E /* YourRateTableViewCell.swift */,
				FD531E1E2605E97B0007F59E /* YourRateTableViewCell.xib */,
			);
			path = YourRateTableViewCell;
			sourceTree = "<group>";
		};
		FD531E042605E31D0007F59E /* CreditsTableViewCell */ = {
			isa = PBXGroup;
			children = (
				FD531E182605E96C0007F59E /* CreditsTableViewCell.swift */,
				FD531E192605E96C0007F59E /* CreditsTableViewCell.xib */,
			);
			path = CreditsTableViewCell;
			sourceTree = "<group>";
		};
		FD531E052605E33D0007F59E /* VideoTableViewCell */ = {
			isa = PBXGroup;
			children = (
				FD531E132605E95A0007F59E /* VideoTableViewCell.swift */,
				FD531E142605E95A0007F59E /* VideoTableViewCell.xib */,
			);
			path = VideoTableViewCell;
			sourceTree = "<group>";
		};
		FD531E062605E34A0007F59E /* CommentTableViewCell */ = {
			isa = PBXGroup;
			children = (
				FD531E0E2605E94D0007F59E /* CommentTableViewCell.swift */,
				FD531E0F2605E94D0007F59E /* CommentTableViewCell.xib */,
			);
			path = CommentTableViewCell;
			sourceTree = "<group>";
		};
		FD531E072605E35F0007F59E /* DetailsRecommendationTableViewCell */ = {
			isa = PBXGroup;
			children = (
				FD531E362605F0A90007F59E /* DetailsRecommendationTableViewCell.swift */,
				FD531E372605F0A90007F59E /* DetailsRecommendationTableViewCell.xib */,
			);
			path = DetailsRecommendationTableViewCell;
			sourceTree = "<group>";
		};
		FD531E5E2608F2940007F59E /* TagView */ = {
			isa = PBXGroup;
			children = (
				FD531E5F2608F2CE0007F59E /* TagViewItem.swift */,
				FD531E632608F2DF0007F59E /* TagViewItem.xib */,
			);
			path = TagView;
			sourceTree = "<group>";
		};
		FD617E0F2611BF4100581038 /* HeaderView */ = {
			isa = PBXGroup;
			children = (
				FD617E102611BFA200581038 /* DetailsHeaderView.swift */,
				FD617E182611BFBC00581038 /* DetailsHeaderView.xib */,
			);
			path = HeaderView;
			sourceTree = "<group>";
		};
		FD71A24F260080E900D91539 /* Navigation */ = {
			isa = PBXGroup;
			children = (
				FD71A2502600810C00D91539 /* Navigation+Extension.swift */,
			);
			path = Navigation;
			sourceTree = "<group>";
		};
		FD71A25D26009E7C00D91539 /* HomeTableViewCell */ = {
			isa = PBXGroup;
			children = (
				FD15EB7326047330005285D8 /* RecommendationTableViewCell.swift */,
				FD15EB7426047330005285D8 /* RecommendationTableViewCell.xib */,
				FD15EB7826047345005285D8 /* CategoryTableViewCell.swift */,
				FD15EB7926047345005285D8 /* CategoryTableViewCell.xib */,
				FD15EB7D26047362005285D8 /* PopularTableViewCell.swift */,
				FD15EB7E26047362005285D8 /* PopularTableViewCell.xib */,
				FD15EB8226047371005285D8 /* TopRatedTableViewCell.swift */,
				FD15EB8326047371005285D8 /* TopRatedTableViewCell.xib */,
				FD15EB8726047384005285D8 /* UpcomingTableViewCell.swift */,
				FD15EB8826047384005285D8 /* UpcomingTableViewCell.xib */,
			);
			path = HomeTableViewCell;
			sourceTree = "<group>";
		};
		FD71A26B2600BDB100D91539 /* HomeCollectionViewCell */ = {
			isa = PBXGroup;
			children = (
				FD15EB9B26048E88005285D8 /* RecommendationCollectionViewCell.swift */,
				FD15EB9C26048E88005285D8 /* RecommendationCollectionViewCell.xib */,
				FD71A293260110A300D91539 /* CategoryCollectionViewCell.swift */,
				FD71A294260110A300D91539 /* CategoryCollectionViewCell.xib */,
				FD15EBA826048EEF005285D8 /* PopularCollectionViewCell.swift */,
				FD15EBA926048EEF005285D8 /* PopularCollectionViewCell.xib */,
				FD15EBAE26048EFD005285D8 /* TopRatedCollectionViewCell.swift */,
				FD15EBAF26048EFD005285D8 /* TopRatedCollectionViewCell.xib */,
				FD15EBB326048F0F005285D8 /* UpcomingCollectionViewCell.swift */,
				FD15EBB426048F0F005285D8 /* UpcomingCollectionViewCell.xib */,
				FD15EBB926048FC2005285D8 /* TypeView.swift */,
				FD15EBBC26048FCE005285D8 /* TypeView.xib */,
			);
			path = HomeCollectionViewCell;
			sourceTree = "<group>";
		};
		FD97BB7825FDDEF300D37E00 /* Domain */ = {
			isa = PBXGroup;
			children = (
				FDB0BCDC260A24F400EAC6FD /* Repository */,
				FDB0BCB3260A148400EAC6FD /* UseCase */,
				FDF12C7025FCA84C00136287 /* Entity */,
			);
			path = Domain;
			sourceTree = "<group>";
		};
		FD97BB7925FDDEFD00D37E00 /* Data */ = {
			isa = PBXGroup;
			children = (
				FDB0BCFB260A488E00EAC6FD /* Model */,
				FDF12C6E25FCA7DE00136287 /* Local */,
				FDF12C3725FC613A00136287 /* Remote */,
				FDF12C3625FC612A00136287 /* RepositoryImpl */,
			);
			path = Data;
			sourceTree = "<group>";
		};
		FDB0BCB3260A148400EAC6FD /* UseCase */ = {
			isa = PBXGroup;
			children = (
				FDB0BCD0260A227200EAC6FD /* HomeUseCase.swift */,
				FDB0BCD6260A22CA00EAC6FD /* DetailsUseCase.swift */,
			);
			path = UseCase;
			sourceTree = "<group>";
		};
		FDB0BCD9260A239A00EAC6FD /* Services */ = {
			isa = PBXGroup;
			children = (
				FD97BB7325FD265E00D37E00 /* PresistanceService.swift */,
				FDF12C5325FCA31300136287 /* NetworkService.swift */,
			);
			path = Services;
			sourceTree = "<group>";
		};
		FDB0BCDC260A24F400EAC6FD /* Repository */ = {
			isa = PBXGroup;
			children = (
				FDB0BCDE260A261900EAC6FD /* HomeRepository.swift */,
				FDB0BCE1260A262700EAC6FD /* DetailsRepository.swift */,
			);
			path = Repository;
			sourceTree = "<group>";
		};
		FDB0BCFB260A488E00EAC6FD /* Model */ = {
			isa = PBXGroup;
			children = (
				FDB0BCFC260A493C00EAC6FD /* Model.swift */,
			);
			path = Model;
			sourceTree = "<group>";
		};
		FDB0BD07260A5EBF00EAC6FD /* KarrosTechTests */ = {
			isa = PBXGroup;
			children = (
				FDB0BD08260A5EBF00EAC6FD /* KarrosTechTests.swift */,
				FDB0BD0A260A5EBF00EAC6FD /* Info.plist */,
			);
			path = KarrosTechTests;
			sourceTree = "<group>";
		};
		FDB5B2AD2601D44D00594057 /* ReachedScroll */ = {
			isa = PBXGroup;
			children = (
				FDB5B2AE2601D48000594057 /* ReachedScroll.swift */,
			);
			path = ReachedScroll;
			sourceTree = "<group>";
		};
		FDB5B2BF2603A64200594057 /* UIView+UIImageView */ = {
			isa = PBXGroup;
			children = (
				FDB5B2C02603A66000594057 /* Utils+Extension.swift */,
			);
			path = "UIView+UIImageView";
			sourceTree = "<group>";
		};
		FDF12C2E25FC60C500136287 /* ViewModel */ = {
			isa = PBXGroup;
			children = (
				FDF12C3325FC610500136287 /* HomeViewModel.swift */,
			);
			path = ViewModel;
			sourceTree = "<group>";
		};
		FDF12C2F25FC60D000136287 /* ViewModel */ = {
			isa = PBXGroup;
			children = (
				FDF12C3025FC60F800136287 /* DetailsViewModel.swift */,
			);
			path = ViewModel;
			sourceTree = "<group>";
		};
		FDF12C3625FC612A00136287 /* RepositoryImpl */ = {
			isa = PBXGroup;
			children = (
				FDB0BCE4260A263A00EAC6FD /* HomeRepositoryImpl.swift */,
				FDB0BCE7260A264500EAC6FD /* DetailsRepositoryImpl.swift */,
			);
			path = RepositoryImpl;
			sourceTree = "<group>";
		};
		FDF12C3725FC613A00136287 /* Remote */ = {
			isa = PBXGroup;
			children = (
				FD97BB6825FCCB6700D37E00 /* NetworkError.swift */,
				FDB0BCED260A42AE00EAC6FD /* HomeRemote.swift */,
				FDB0BCF0260A42B900EAC6FD /* DetailsRemote.swift */,
			);
			path = Remote;
			sourceTree = "<group>";
		};
		FDF12C3925FC834200136287 /* HeaderSection */ = {
			isa = PBXGroup;
			children = (
				FD0D064525FBA34A00A31015 /* HeaderSectionViewable.swift */,
				FDF12C4D25FC8CFF00136287 /* HeaderSectionView.swift */,
				FDF12C5025FC8D0F00136287 /* HeaderSectionView.xib */,
			);
			path = HeaderSection;
			sourceTree = "<group>";
		};
		FDF12C6E25FCA7DE00136287 /* Local */ = {
			isa = PBXGroup;
			children = (
				FDB0BCF3260A42C500EAC6FD /* HomeLocal.swift */,
				FDB0BCF6260A42D000EAC6FD /* DetailsLocal.swift */,
			);
			path = Local;
			sourceTree = "<group>";
		};
		FDF12C6F25FCA83500136287 /* Presentation */ = {
			isa = PBXGroup;
			children = (
				FD0D063825FB9F7C00A31015 /* Details */,
				FD0D063725FB9F5D00A31015 /* Home */,
				FD71A22E26004B2300D91539 /* BindableType.swift */,
			);
			path = Presentation;
			sourceTree = "<group>";
		};
		FDF12C7025FCA84C00136287 /* Entity */ = {
			isa = PBXGroup;
			children = (
				FD52768325FDE68500839EB9 /* Generic */,
				FDF12C8225FCAD2300136287 /* DatesEntity.swift */,
				FDF12C8825FCAD8500136287 /* UpcomingEntity.swift */,
				FDF12C8B25FCAF5700136287 /* TopRatedEntity.swift */,
				FDF12C7525FCA95000136287 /* PopularEntity.swift */,
				FDF12C8F25FCB59600136287 /* RecommendationEntity.swift */,
				FDF12C9525FCB63D00136287 /* GenreEntity.swift */,
				FD52767525FDE4A800839EB9 /* SpokenLanguageEntity.swift */,
				FD52767825FDE4CC00839EB9 /* ProductionCountryEntity.swift */,
				FD52767B25FDE4E600839EB9 /* ProductionCompanyEntity.swift */,
				FD52767F25FDE63800839EB9 /* BelongsToCollectionEntity.swift */,
				FD52768525FDE6E700839EB9 /* MovieDetailsEntity.swift */,
				FD52768825FE748A00839EB9 /* AuthorDetailsEntity.swift */,
				FD52768B25FE74AB00839EB9 /* ResultEntity.swift */,
				FD52768F25FEFBD700839EB9 /* VideoEntity.swift */,
				FD531DED2605A9BD0007F59E /* ReviewEntity.swift */,
				FD531DF52605CE900007F59E /* YourRateEntity.swift */,
				FD531DF92605CF750007F59E /* CreditsEntity.swift */,
				FD531E522607954B0007F59E /* BuyEntity.swift */,
				FD531E56260795EA0007F59E /* UsEntity.swift */,
				FD531E5A260799940007F59E /* WatchProviderEntity.swift */,
				FDB0BCEA260A410200EAC6FD /* TrendingEntity.swift */,
			);
			path = Entity;
			sourceTree = "<group>";
		};
/* End PBXGroup section */

/* Begin PBXNativeTarget section */
		FD0D061A25FB9EFE00A31015 /* KarrosTech */ = {
			isa = PBXNativeTarget;
			buildConfigurationList = FD0D062F25FB9F0100A31015 /* Build configuration list for PBXNativeTarget "KarrosTech" */;
			buildPhases = (
				06553EE18862A6B514B3B2EF /* [CP] Check Pods Manifest.lock */,
				FD0D061725FB9EFE00A31015 /* Sources */,
				FD0D061825FB9EFE00A31015 /* Frameworks */,
				FD0D061925FB9EFE00A31015 /* Resources */,
				0E2D8C411C3EA01E72359496 /* [CP] Embed Pods Frameworks */,
			);
			buildRules = (
			);
			dependencies = (
			);
			name = KarrosTech;
			productName = KarrosTech;
			productReference = FD0D061B25FB9EFE00A31015 /* KarrosTech.app */;
			productType = "com.apple.product-type.application";
		};
		FDB0BD05260A5EBF00EAC6FD /* KarrosTechTests */ = {
			isa = PBXNativeTarget;
			buildConfigurationList = FDB0BD0F260A5EBF00EAC6FD /* Build configuration list for PBXNativeTarget "KarrosTechTests" */;
			buildPhases = (
				FE2FA5A8B3E63953AF6DD345 /* [CP] Check Pods Manifest.lock */,
				FDB0BD02260A5EBF00EAC6FD /* Sources */,
				FDB0BD03260A5EBF00EAC6FD /* Frameworks */,
				FDB0BD04260A5EBF00EAC6FD /* Resources */,
			);
			buildRules = (
			);
			dependencies = (
				FDB0BD0C260A5EBF00EAC6FD /* PBXTargetDependency */,
			);
			name = KarrosTechTests;
			productName = KarrosTechTests;
			productReference = FDB0BD06260A5EBF00EAC6FD /* KarrosTechTests.xctest */;
			productType = "com.apple.product-type.bundle.unit-test";
		};
/* End PBXNativeTarget section */

/* Begin PBXProject section */
		FD0D061325FB9EFE00A31015 /* Project object */ = {
			isa = PBXProject;
			attributes = {
				LastSwiftUpdateCheck = 1240;
				LastUpgradeCheck = 1240;
				TargetAttributes = {
					FD0D061A25FB9EFE00A31015 = {
						CreatedOnToolsVersion = 12.4;
					};
					FDB0BD05260A5EBF00EAC6FD = {
						CreatedOnToolsVersion = 12.4;
						TestTargetID = FD0D061A25FB9EFE00A31015;
					};
				};
			};
			buildConfigurationList = FD0D061625FB9EFE00A31015 /* Build configuration list for PBXProject "KarrosTech" */;
			compatibilityVersion = "Xcode 9.3";
			developmentRegion = en;
			hasScannedForEncodings = 0;
			knownRegions = (
				en,
				Base,
			);
			mainGroup = FD0D061225FB9EFE00A31015;
			productRefGroup = FD0D061C25FB9EFE00A31015 /* Products */;
			projectDirPath = "";
			projectRoot = "";
			targets = (
				FD0D061A25FB9EFE00A31015 /* KarrosTech */,
				FDB0BD05260A5EBF00EAC6FD /* KarrosTechTests */,
			);
		};
/* End PBXProject section */

/* Begin PBXResourcesBuildPhase section */
		FD0D061925FB9EFE00A31015 /* Resources */ = {
			isa = PBXResourcesBuildPhase;
			buildActionMask = 2147483647;
			files = (
				FD0D068825FBAD5F00A31015 /* RateView.xib in Resources */,
				FD15EBB126048EFD005285D8 /* TopRatedCollectionViewCell.xib in Resources */,
				FD0D062B25FB9F0100A31015 /* LaunchScreen.storyboard in Resources */,
				FD0D067C25FBACFA00A31015 /* VideoViewItem.xib in Resources */,
				FD531E4D260771760007F59E /* DetailsRecommendationCollectionViewCell.xib in Resources */,
				FD0D062825FB9F0100A31015 /* Assets.xcassets in Resources */,
				FD15EB7626047330005285D8 /* RecommendationTableViewCell.xib in Resources */,
				FD0D067525FBACD200A31015 /* CommentViewItem.xib in Resources */,
				FD0D066F25FBACA900A31015 /* RecommendationViewItem.xib in Resources */,
				FD15EBB626048F0F005285D8 /* UpcomingCollectionViewCell.xib in Resources */,
				FD0D068E25FBAD7F00A31015 /* InfoView.xib in Resources */,
				FD0D062625FB9EFE00A31015 /* Main.storyboard in Resources */,
				FD15EB8A26047384005285D8 /* UpcomingTableViewCell.xib in Resources */,
				FD0D068225FBAD1F00A31015 /* SeriesViewItem.xib in Resources */,
				FD15EB9E26048E88005285D8 /* RecommendationCollectionViewCell.xib in Resources */,
				FD531E642608F2DF0007F59E /* TagViewItem.xib in Resources */,
				FD617E192611BFBC00581038 /* DetailsHeaderView.xib in Resources */,
				FD531E4326076FA00007F59E /* DetailsSeriesViewItemCollectionViewCell.xib in Resources */,
				FD15EB8526047371005285D8 /* TopRatedTableViewCell.xib in Resources */,
				FD531E162605E95A0007F59E /* VideoTableViewCell.xib in Resources */,
				FD531E112605E94D0007F59E /* CommentTableViewCell.xib in Resources */,
				FD531E202605E97B0007F59E /* YourRateTableViewCell.xib in Resources */,
				FD71A296260110A300D91539 /* CategoryCollectionViewCell.xib in Resources */,
				FD531E48260770DC0007F59E /* DetailsVideoViewItemCollectionViewCell.xib in Resources */,
				FD15EB7B26047345005285D8 /* CategoryTableViewCell.xib in Resources */,
				FD15EBBD26048FCE005285D8 /* TypeView.xib in Resources */,
				FD531E1B2605E96C0007F59E /* CreditsTableViewCell.xib in Resources */,
				FD15EBAB26048EEF005285D8 /* PopularCollectionViewCell.xib in Resources */,
				FD531E252605E98B0007F59E /* InfoTableViewCell.xib in Resources */,
				FDF12C5125FC8D0F00136287 /* HeaderSectionView.xib in Resources */,
				FD15EB8026047362005285D8 /* PopularTableViewCell.xib in Resources */,
				FD531E392605F0A90007F59E /* DetailsRecommendationTableViewCell.xib in Resources */,
			);
			runOnlyForDeploymentPostprocessing = 0;
		};
		FDB0BD04260A5EBF00EAC6FD /* Resources */ = {
			isa = PBXResourcesBuildPhase;
			buildActionMask = 2147483647;
			files = (
			);
			runOnlyForDeploymentPostprocessing = 0;
		};
/* End PBXResourcesBuildPhase section */

/* Begin PBXShellScriptBuildPhase section */
		06553EE18862A6B514B3B2EF /* [CP] Check Pods Manifest.lock */ = {
			isa = PBXShellScriptBuildPhase;
			buildActionMask = 2147483647;
			files = (
			);
			inputFileListPaths = (
			);
			inputPaths = (
				"${PODS_PODFILE_DIR_PATH}/Podfile.lock",
				"${PODS_ROOT}/Manifest.lock",
			);
			name = "[CP] Check Pods Manifest.lock";
			outputFileListPaths = (
			);
			outputPaths = (
				"$(DERIVED_FILE_DIR)/Pods-KarrosTech-checkManifestLockResult.txt",
			);
			runOnlyForDeploymentPostprocessing = 0;
			shellPath = /bin/sh;
			shellScript = "diff \"${PODS_PODFILE_DIR_PATH}/Podfile.lock\" \"${PODS_ROOT}/Manifest.lock\" > /dev/null\nif [ $? != 0 ] ; then\n    # print error to STDERR\n    echo \"error: The sandbox is not in sync with the Podfile.lock. Run 'pod install' or update your CocoaPods installation.\" >&2\n    exit 1\nfi\n# This output is used by Xcode 'outputs' to avoid re-running this script phase.\necho \"SUCCESS\" > \"${SCRIPT_OUTPUT_FILE_0}\"\n";
			showEnvVarsInLog = 0;
		};
		0E2D8C411C3EA01E72359496 /* [CP] Embed Pods Frameworks */ = {
			isa = PBXShellScriptBuildPhase;
			buildActionMask = 2147483647;
			files = (
			);
			inputFileListPaths = (
				"${PODS_ROOT}/Target Support Files/Pods-KarrosTech/Pods-KarrosTech-frameworks-${CONFIGURATION}-input-files.xcfilelist",
			);
			name = "[CP] Embed Pods Frameworks";
			outputFileListPaths = (
				"${PODS_ROOT}/Target Support Files/Pods-KarrosTech/Pods-KarrosTech-frameworks-${CONFIGURATION}-output-files.xcfilelist",
			);
			runOnlyForDeploymentPostprocessing = 0;
			shellPath = /bin/sh;
			shellScript = "\"${PODS_ROOT}/Target Support Files/Pods-KarrosTech/Pods-KarrosTech-frameworks.sh\"\n";
			showEnvVarsInLog = 0;
		};
		FE2FA5A8B3E63953AF6DD345 /* [CP] Check Pods Manifest.lock */ = {
			isa = PBXShellScriptBuildPhase;
			buildActionMask = 2147483647;
			files = (
			);
			inputFileListPaths = (
			);
			inputPaths = (
				"${PODS_PODFILE_DIR_PATH}/Podfile.lock",
				"${PODS_ROOT}/Manifest.lock",
			);
			name = "[CP] Check Pods Manifest.lock";
			outputFileListPaths = (
			);
			outputPaths = (
				"$(DERIVED_FILE_DIR)/Pods-KarrosTechTests-checkManifestLockResult.txt",
			);
			runOnlyForDeploymentPostprocessing = 0;
			shellPath = /bin/sh;
			shellScript = "diff \"${PODS_PODFILE_DIR_PATH}/Podfile.lock\" \"${PODS_ROOT}/Manifest.lock\" > /dev/null\nif [ $? != 0 ] ; then\n    # print error to STDERR\n    echo \"error: The sandbox is not in sync with the Podfile.lock. Run 'pod install' or update your CocoaPods installation.\" >&2\n    exit 1\nfi\n# This output is used by Xcode 'outputs' to avoid re-running this script phase.\necho \"SUCCESS\" > \"${SCRIPT_OUTPUT_FILE_0}\"\n";
			showEnvVarsInLog = 0;
		};
/* End PBXShellScriptBuildPhase section */

/* Begin PBXSourcesBuildPhase section */
		FD0D061725FB9EFE00A31015 /* Sources */ = {
			isa = PBXSourcesBuildPhase;
			buildActionMask = 2147483647;
			files = (
				FDF12C4E25FC8CFF00136287 /* HeaderSectionView.swift in Sources */,
				FDB0BCDF260A261900EAC6FD /* HomeRepository.swift in Sources */,
				FD15EB8926047384005285D8 /* UpcomingTableViewCell.swift in Sources */,
				FD97BB6925FCCB6700D37E00 /* NetworkError.swift in Sources */,
				FD71A22F26004B2300D91539 /* BindableType.swift in Sources */,
				FD52768625FDE6E700839EB9 /* MovieDetailsEntity.swift in Sources */,
				FDB0BCEE260A42AE00EAC6FD /* HomeRemote.swift in Sources */,
				FDF12C5425FCA31300136287 /* NetworkService.swift in Sources */,
				FD531DF32605BDD20007F59E /* DetailsSectionData.swift in Sources */,
				FD531E382605F0A90007F59E /* DetailsRecommendationTableViewCell.swift in Sources */,
				FDF12C3125FC60F800136287 /* DetailsViewModel.swift in Sources */,
				FDF12C3425FC610500136287 /* HomeViewModel.swift in Sources */,
				FD15EBB026048EFD005285D8 /* TopRatedCollectionViewCell.swift in Sources */,
				FD0D067F25FBAD1300A31015 /* SeriesViewItem.swift in Sources */,
				FDB0BCE5260A263A00EAC6FD /* HomeRepositoryImpl.swift in Sources */,
				FDB0BCF1260A42B900EAC6FD /* DetailsRemote.swift in Sources */,
				FD5276D925FFADE700839EB9 /* HomeNavigator.swift in Sources */,
				FD0D067225FBACC800A31015 /* CommentViewItem.swift in Sources */,
				FDF12C7625FCA95000136287 /* PopularEntity.swift in Sources */,
				FDB0BCF7260A42D000EAC6FD /* DetailsLocal.swift in Sources */,
				FD52767925FDE4CC00839EB9 /* ProductionCountryEntity.swift in Sources */,
				FDF12C9325FCB5EF00136287 /* Genres.swift in Sources */,
				FDB0BCEB260A410200EAC6FD /* TrendingEntity.swift in Sources */,
				FDB5B2C12603A66000594057 /* Utils+Extension.swift in Sources */,
				FD531E1F2605E97B0007F59E /* YourRateTableViewCell.swift in Sources */,
				FD71A2512600810C00D91539 /* Navigation+Extension.swift in Sources */,
				FDB0BCD7260A22CA00EAC6FD /* DetailsUseCase.swift in Sources */,
				FD52768925FE748B00839EB9 /* AuthorDetailsEntity.swift in Sources */,
				FD15EB7F26047362005285D8 /* PopularTableViewCell.swift in Sources */,
				FDF12C9625FCB63D00136287 /* GenreEntity.swift in Sources */,
				FDB0BCE8260A264500EAC6FD /* DetailsRepositoryImpl.swift in Sources */,
				FD531E47260770DC0007F59E /* DetailsVideoViewItemCollectionViewCell.swift in Sources */,
				FD531DF62605CE900007F59E /* YourRateEntity.swift in Sources */,
				FD617E112611BFA200581038 /* DetailsHeaderView.swift in Sources */,
				FD531E602608F2CE0007F59E /* TagViewItem.swift in Sources */,
				FD52767C25FDE4E600839EB9 /* ProductionCompanyEntity.swift in Sources */,
				FD5276D525FF773600839EB9 /* HomeSectionData.swift in Sources */,
				FDB0BCD1260A227200EAC6FD /* HomeUseCase.swift in Sources */,
				FD0D067825FBACEE00A31015 /* VideoViewItem.swift in Sources */,
				FDF12C7225FCA92600136287 /* Results.swift in Sources */,
				FDB0BCE2260A262700EAC6FD /* DetailsRepository.swift in Sources */,
				FD15EBB526048F0F005285D8 /* UpcomingCollectionViewCell.swift in Sources */,
				FD531E4226076FA00007F59E /* DetailsSeriesViewItemCollectionViewCell.swift in Sources */,
				FD0D062325FB9EFE00A31015 /* HomeViewController.swift in Sources */,
				FD15EBBA26048FC2005285D8 /* TypeView.swift in Sources */,
				FD0D061F25FB9EFE00A31015 /* AppDelegate.swift in Sources */,
				FD15EBAA26048EEF005285D8 /* PopularCollectionViewCell.swift in Sources */,
				FDF12C8925FCAD8500136287 /* UpcomingEntity.swift in Sources */,
				FD531DEE2605A9BD0007F59E /* ReviewEntity.swift in Sources */,
				FD0D068525FBAD5300A31015 /* RateView.swift in Sources */,
				FD531DFA2605CF750007F59E /* CreditsEntity.swift in Sources */,
				FD531E1A2605E96C0007F59E /* CreditsTableViewCell.swift in Sources */,
				FDB0BCF4260A42C500EAC6FD /* HomeLocal.swift in Sources */,
				FD0D062125FB9EFE00A31015 /* SceneDelegate.swift in Sources */,
				FD97BB7425FD265E00D37E00 /* PresistanceService.swift in Sources */,
				FDB0BCFD260A493C00EAC6FD /* Model.swift in Sources */,
				FD15EB7A26047345005285D8 /* CategoryTableViewCell.swift in Sources */,
				FD52768025FDE63800839EB9 /* BelongsToCollectionEntity.swift in Sources */,
				FD71A295260110A300D91539 /* CategoryCollectionViewCell.swift in Sources */,
				FD531E242605E98B0007F59E /* InfoTableViewCell.swift in Sources */,
				FD0D064625FBA34A00A31015 /* HeaderSectionViewable.swift in Sources */,
				FD531E152605E95A0007F59E /* VideoTableViewCell.swift in Sources */,
				FD531E102605E94D0007F59E /* CommentTableViewCell.swift in Sources */,
				FD15EB8426047371005285D8 /* TopRatedTableViewCell.swift in Sources */,
				FD531E532607954B0007F59E /* BuyEntity.swift in Sources */,
				FD0D063525FB9F5700A31015 /* DetailsViewController.swift in Sources */,
				FDF12C8C25FCAF5700136287 /* TopRatedEntity.swift in Sources */,
				FD15EB7526047330005285D8 /* RecommendationTableViewCell.swift in Sources */,
				FDB5B2AF2601D48000594057 /* ReachedScroll.swift in Sources */,
				FDF12C8325FCAD2300136287 /* DatesEntity.swift in Sources */,
				FD52767625FDE4A800839EB9 /* SpokenLanguageEntity.swift in Sources */,
				FD531E5B260799940007F59E /* WatchProviderEntity.swift in Sources */,
				FD0D066C25FBAC9D00A31015 /* RecommendationViewItem.swift in Sources */,
				FD531DFE2605D16A0007F59E /* Typealias.swift in Sources */,
				FD531E57260795EA0007F59E /* UsEntity.swift in Sources */,
				FD52768C25FE74AB00839EB9 /* ResultEntity.swift in Sources */,
				FD1D85A42610503D00052AE1 /* RelativeDatetime.swift in Sources */,
				FD0D068B25FBAD7300A31015 /* InfoView.swift in Sources */,
				FD15EB9D26048E88005285D8 /* RecommendationCollectionViewCell.swift in Sources */,
				FDF12C9025FCB59600136287 /* RecommendationEntity.swift in Sources */,
				FD531E4C260771760007F59E /* DetailsRecommendationCollectionViewCell.swift in Sources */,
				FD52769025FEFBD700839EB9 /* VideoEntity.swift in Sources */,
			);
			runOnlyForDeploymentPostprocessing = 0;
		};
		FDB0BD02260A5EBF00EAC6FD /* Sources */ = {
			isa = PBXSourcesBuildPhase;
			buildActionMask = 2147483647;
			files = (
				FDB0BD09260A5EBF00EAC6FD /* KarrosTechTests.swift in Sources */,
			);
			runOnlyForDeploymentPostprocessing = 0;
		};
/* End PBXSourcesBuildPhase section */

/* Begin PBXTargetDependency section */
		FDB0BD0C260A5EBF00EAC6FD /* PBXTargetDependency */ = {
			isa = PBXTargetDependency;
			target = FD0D061A25FB9EFE00A31015 /* KarrosTech */;
			targetProxy = FDB0BD0B260A5EBF00EAC6FD /* PBXContainerItemProxy */;
		};
/* End PBXTargetDependency section */

/* Begin PBXVariantGroup section */
		FD0D062425FB9EFE00A31015 /* Main.storyboard */ = {
			isa = PBXVariantGroup;
			children = (
				FD0D062525FB9EFE00A31015 /* Base */,
			);
			name = Main.storyboard;
			sourceTree = "<group>";
		};
		FD0D062925FB9F0100A31015 /* LaunchScreen.storyboard */ = {
			isa = PBXVariantGroup;
			children = (
				FD0D062A25FB9F0100A31015 /* Base */,
			);
			name = LaunchScreen.storyboard;
			sourceTree = "<group>";
		};
/* End PBXVariantGroup section */

/* Begin XCBuildConfiguration section */
		FD0D062D25FB9F0100A31015 /* Debug */ = {
			isa = XCBuildConfiguration;
			buildSettings = {
				ALWAYS_SEARCH_USER_PATHS = NO;
				CLANG_ANALYZER_NONNULL = YES;
				CLANG_ANALYZER_NUMBER_OBJECT_CONVERSION = YES_AGGRESSIVE;
				CLANG_CXX_LANGUAGE_STANDARD = "gnu++14";
				CLANG_CXX_LIBRARY = "libc++";
				CLANG_ENABLE_MODULES = YES;
				CLANG_ENABLE_OBJC_ARC = YES;
				CLANG_ENABLE_OBJC_WEAK = YES;
				CLANG_WARN_BLOCK_CAPTURE_AUTORELEASING = YES;
				CLANG_WARN_BOOL_CONVERSION = YES;
				CLANG_WARN_COMMA = YES;
				CLANG_WARN_CONSTANT_CONVERSION = YES;
				CLANG_WARN_DEPRECATED_OBJC_IMPLEMENTATIONS = YES;
				CLANG_WARN_DIRECT_OBJC_ISA_USAGE = YES_ERROR;
				CLANG_WARN_DOCUMENTATION_COMMENTS = YES;
				CLANG_WARN_EMPTY_BODY = YES;
				CLANG_WARN_ENUM_CONVERSION = YES;
				CLANG_WARN_INFINITE_RECURSION = YES;
				CLANG_WARN_INT_CONVERSION = YES;
				CLANG_WARN_NON_LITERAL_NULL_CONVERSION = YES;
				CLANG_WARN_OBJC_IMPLICIT_RETAIN_SELF = YES;
				CLANG_WARN_OBJC_LITERAL_CONVERSION = YES;
				CLANG_WARN_OBJC_ROOT_CLASS = YES_ERROR;
				CLANG_WARN_QUOTED_INCLUDE_IN_FRAMEWORK_HEADER = YES;
				CLANG_WARN_RANGE_LOOP_ANALYSIS = YES;
				CLANG_WARN_STRICT_PROTOTYPES = YES;
				CLANG_WARN_SUSPICIOUS_MOVE = YES;
				CLANG_WARN_UNGUARDED_AVAILABILITY = YES_AGGRESSIVE;
				CLANG_WARN_UNREACHABLE_CODE = YES;
				CLANG_WARN__DUPLICATE_METHOD_MATCH = YES;
				COPY_PHASE_STRIP = NO;
				DEBUG_INFORMATION_FORMAT = dwarf;
				ENABLE_BITCODE = NO;
				ENABLE_STRICT_OBJC_MSGSEND = YES;
				ENABLE_TESTABILITY = YES;
				GCC_C_LANGUAGE_STANDARD = gnu11;
				GCC_DYNAMIC_NO_PIC = NO;
				GCC_NO_COMMON_BLOCKS = YES;
				GCC_OPTIMIZATION_LEVEL = 0;
				GCC_PREPROCESSOR_DEFINITIONS = (
					"DEBUG=1",
					"$(inherited)",
				);
				GCC_WARN_64_TO_32_BIT_CONVERSION = YES;
				GCC_WARN_ABOUT_RETURN_TYPE = YES_ERROR;
				GCC_WARN_UNDECLARED_SELECTOR = YES;
				GCC_WARN_UNINITIALIZED_AUTOS = YES_AGGRESSIVE;
				GCC_WARN_UNUSED_FUNCTION = YES;
				GCC_WARN_UNUSED_VARIABLE = YES;
				IPHONEOS_DEPLOYMENT_TARGET = 14.4;
				MTL_ENABLE_DEBUG_INFO = INCLUDE_SOURCE;
				MTL_FAST_MATH = YES;
				ONLY_ACTIVE_ARCH = YES;
				SDKROOT = iphoneos;
				SWIFT_ACTIVE_COMPILATION_CONDITIONS = DEBUG;
				SWIFT_OPTIMIZATION_LEVEL = "-Onone";
			};
			name = Debug;
		};
		FD0D062E25FB9F0100A31015 /* Release */ = {
			isa = XCBuildConfiguration;
			buildSettings = {
				ALWAYS_SEARCH_USER_PATHS = NO;
				CLANG_ANALYZER_NONNULL = YES;
				CLANG_ANALYZER_NUMBER_OBJECT_CONVERSION = YES_AGGRESSIVE;
				CLANG_CXX_LANGUAGE_STANDARD = "gnu++14";
				CLANG_CXX_LIBRARY = "libc++";
				CLANG_ENABLE_MODULES = YES;
				CLANG_ENABLE_OBJC_ARC = YES;
				CLANG_ENABLE_OBJC_WEAK = YES;
				CLANG_WARN_BLOCK_CAPTURE_AUTORELEASING = YES;
				CLANG_WARN_BOOL_CONVERSION = YES;
				CLANG_WARN_COMMA = YES;
				CLANG_WARN_CONSTANT_CONVERSION = YES;
				CLANG_WARN_DEPRECATED_OBJC_IMPLEMENTATIONS = YES;
				CLANG_WARN_DIRECT_OBJC_ISA_USAGE = YES_ERROR;
				CLANG_WARN_DOCUMENTATION_COMMENTS = YES;
				CLANG_WARN_EMPTY_BODY = YES;
				CLANG_WARN_ENUM_CONVERSION = YES;
				CLANG_WARN_INFINITE_RECURSION = YES;
				CLANG_WARN_INT_CONVERSION = YES;
				CLANG_WARN_NON_LITERAL_NULL_CONVERSION = YES;
				CLANG_WARN_OBJC_IMPLICIT_RETAIN_SELF = YES;
				CLANG_WARN_OBJC_LITERAL_CONVERSION = YES;
				CLANG_WARN_OBJC_ROOT_CLASS = YES_ERROR;
				CLANG_WARN_QUOTED_INCLUDE_IN_FRAMEWORK_HEADER = YES;
				CLANG_WARN_RANGE_LOOP_ANALYSIS = YES;
				CLANG_WARN_STRICT_PROTOTYPES = YES;
				CLANG_WARN_SUSPICIOUS_MOVE = YES;
				CLANG_WARN_UNGUARDED_AVAILABILITY = YES_AGGRESSIVE;
				CLANG_WARN_UNREACHABLE_CODE = YES;
				CLANG_WARN__DUPLICATE_METHOD_MATCH = YES;
				COPY_PHASE_STRIP = NO;
				DEBUG_INFORMATION_FORMAT = "dwarf-with-dsym";
				ENABLE_BITCODE = NO;
				ENABLE_NS_ASSERTIONS = NO;
				ENABLE_STRICT_OBJC_MSGSEND = YES;
				GCC_C_LANGUAGE_STANDARD = gnu11;
				GCC_NO_COMMON_BLOCKS = YES;
				GCC_WARN_64_TO_32_BIT_CONVERSION = YES;
				GCC_WARN_ABOUT_RETURN_TYPE = YES_ERROR;
				GCC_WARN_UNDECLARED_SELECTOR = YES;
				GCC_WARN_UNINITIALIZED_AUTOS = YES_AGGRESSIVE;
				GCC_WARN_UNUSED_FUNCTION = YES;
				GCC_WARN_UNUSED_VARIABLE = YES;
				IPHONEOS_DEPLOYMENT_TARGET = 14.4;
				MTL_ENABLE_DEBUG_INFO = NO;
				MTL_FAST_MATH = YES;
				SDKROOT = iphoneos;
				SWIFT_COMPILATION_MODE = wholemodule;
				SWIFT_OPTIMIZATION_LEVEL = "-O";
				VALIDATE_PRODUCT = YES;
			};
			name = Release;
		};
		FD0D063025FB9F0100A31015 /* Debug */ = {
			isa = XCBuildConfiguration;
			baseConfigurationReference = DA866CA104B1A4BE56F91886 /* Pods-KarrosTech.debug.xcconfig */;
			buildSettings = {
				ASSETCATALOG_COMPILER_APPICON_NAME = AppIcon;
				ASSETCATALOG_COMPILER_GLOBAL_ACCENT_COLOR_NAME = AccentColor;
				CODE_SIGN_STYLE = Automatic;
				DEVELOPMENT_TEAM = TTJSL9A4S8;
				INFOPLIST_FILE = KarrosTech/Info.plist;
				LD_RUNPATH_SEARCH_PATHS = (
					"$(inherited)",
					"@executable_path/Frameworks",
				);
				PRODUCT_BUNDLE_IDENTIFIER = com.gmail.tcthanh1992.KarrosTech.Sample;
				PRODUCT_NAME = "$(TARGET_NAME)";
				SWIFT_VERSION = 5.0;
				TARGETED_DEVICE_FAMILY = 1;
			};
			name = Debug;
		};
		FD0D063125FB9F0100A31015 /* Release */ = {
			isa = XCBuildConfiguration;
			baseConfigurationReference = 4F348519EB77D5F1CE552EA3 /* Pods-KarrosTech.release.xcconfig */;
			buildSettings = {
				ASSETCATALOG_COMPILER_APPICON_NAME = AppIcon;
				ASSETCATALOG_COMPILER_GLOBAL_ACCENT_COLOR_NAME = AccentColor;
				CODE_SIGN_STYLE = Automatic;
				DEVELOPMENT_TEAM = TTJSL9A4S8;
				INFOPLIST_FILE = KarrosTech/Info.plist;
				LD_RUNPATH_SEARCH_PATHS = (
					"$(inherited)",
					"@executable_path/Frameworks",
				);
				PRODUCT_BUNDLE_IDENTIFIER = com.gmail.tcthanh1992.KarrosTech.Sample;
				PRODUCT_NAME = "$(TARGET_NAME)";
				SWIFT_VERSION = 5.0;
				TARGETED_DEVICE_FAMILY = 1;
			};
			name = Release;
		};
		FDB0BD0D260A5EBF00EAC6FD /* Debug */ = {
			isa = XCBuildConfiguration;
			baseConfigurationReference = 334A8116485354E8459F3099 /* Pods-KarrosTechTests.debug.xcconfig */;
			buildSettings = {
				BUNDLE_LOADER = "$(TEST_HOST)";
				CODE_SIGN_STYLE = Automatic;
				DEVELOPMENT_TEAM = TTJSL9A4S8;
				ENABLE_BITCODE = NO;
				INFOPLIST_FILE = KarrosTechTests/Info.plist;
				LD_RUNPATH_SEARCH_PATHS = (
					"$(inherited)",
					"@executable_path/Frameworks",
					"@loader_path/Frameworks",
				);
				PRODUCT_BUNDLE_IDENTIFIER = com.gmail.tcthanh1992.KarrosTechTests;
				PRODUCT_NAME = "$(TARGET_NAME)";
				SWIFT_VERSION = 5.0;
				TARGETED_DEVICE_FAMILY = "1,2";
				TEST_HOST = "$(BUILT_PRODUCTS_DIR)/KarrosTech.app/KarrosTech";
			};
			name = Debug;
		};
		FDB0BD0E260A5EBF00EAC6FD /* Release */ = {
			isa = XCBuildConfiguration;
			baseConfigurationReference = 13621BEE1F4072C662C772C7 /* Pods-KarrosTechTests.release.xcconfig */;
			buildSettings = {
				BUNDLE_LOADER = "$(TEST_HOST)";
				CODE_SIGN_STYLE = Automatic;
				DEVELOPMENT_TEAM = TTJSL9A4S8;
				ENABLE_BITCODE = NO;
				INFOPLIST_FILE = KarrosTechTests/Info.plist;
				LD_RUNPATH_SEARCH_PATHS = (
					"$(inherited)",
					"@executable_path/Frameworks",
					"@loader_path/Frameworks",
				);
				PRODUCT_BUNDLE_IDENTIFIER = com.gmail.tcthanh1992.KarrosTechTests;
				PRODUCT_NAME = "$(TARGET_NAME)";
				SWIFT_VERSION = 5.0;
				TARGETED_DEVICE_FAMILY = "1,2";
				TEST_HOST = "$(BUILT_PRODUCTS_DIR)/KarrosTech.app/KarrosTech";
			};
			name = Release;
		};
/* End XCBuildConfiguration section */

/* Begin XCConfigurationList section */
		FD0D061625FB9EFE00A31015 /* Build configuration list for PBXProject "KarrosTech" */ = {
			isa = XCConfigurationList;
			buildConfigurations = (
				FD0D062D25FB9F0100A31015 /* Debug */,
				FD0D062E25FB9F0100A31015 /* Release */,
			);
			defaultConfigurationIsVisible = 0;
			defaultConfigurationName = Release;
		};
		FD0D062F25FB9F0100A31015 /* Build configuration list for PBXNativeTarget "KarrosTech" */ = {
			isa = XCConfigurationList;
			buildConfigurations = (
				FD0D063025FB9F0100A31015 /* Debug */,
				FD0D063125FB9F0100A31015 /* Release */,
			);
			defaultConfigurationIsVisible = 0;
			defaultConfigurationName = Release;
		};
		FDB0BD0F260A5EBF00EAC6FD /* Build configuration list for PBXNativeTarget "KarrosTechTests" */ = {
			isa = XCConfigurationList;
			buildConfigurations = (
				FDB0BD0D260A5EBF00EAC6FD /* Debug */,
				FDB0BD0E260A5EBF00EAC6FD /* Release */,
			);
			defaultConfigurationIsVisible = 0;
			defaultConfigurationName = Release;
		};
/* End XCConfigurationList section */
	};
	rootObject = FD0D061325FB9EFE00A31015 /* Project object */;
}
